// !$*UTF8*$!
{
	archiveVersion = 1;
	classes = {
	};
	objectVersion = 77;
	objects = {

/* Begin PBXBuildFile section */
		861766252E107EF7003152D0 /* AppDelegate.swift in Sources */ = {isa = PBXBuildFile; fileRef = 861766242E107EF7003152D0 /* AppDelegate.swift */; };
		861766272E107EF7003152D0 /* SceneDelegate.swift in Sources */ = {isa = PBXBuildFile; fileRef = 861766262E107EF7003152D0 /* SceneDelegate.swift */; };
		8617662A2E107EF7003152D0 /* LaunchScreen.storyboard in Resources */ = {isa = PBXBuildFile; fileRef = 861766282E107EF7003152D0 /* LaunchScreen.storyboard */; };
		8617662D2E107EF7003152D0 /* Main.storyboard in Resources */ = {isa = PBXBuildFile; fileRef = 8617662B2E107EF7003152D0 /* Main.storyboard */; };
		861766362E107EF7003152D0 /* AppDelegate.swift in Sources */ = {isa = PBXBuildFile; fileRef = 861766352E107EF7003152D0 /* AppDelegate.swift */; };
		861766392E107EF7003152D0 /* Main.storyboard in Resources */ = {isa = PBXBuildFile; fileRef = 861766372E107EF7003152D0 /* Main.storyboard */; };
		861766412E107EF7003152D0 /* ivBlock Extension.appex in Embed Foundation Extensions */ = {isa = PBXBuildFile; fileRef = 861766402E107EF7003152D0 /* ivBlock Extension.appex */; settings = {ATTRIBUTES = (RemoveHeadersOnCopy, ); }; };
		8617664B2E107EF7003152D0 /* ivBlock Extension.appex in Embed Foundation Extensions */ = {isa = PBXBuildFile; fileRef = 8617664A2E107EF7003152D0 /* ivBlock Extension.appex */; settings = {ATTRIBUTES = (RemoveHeadersOnCopy, ); }; };
		861766512E107EF7003152D0 /* Main.html in Resources */ = {isa = PBXBuildFile; fileRef = 861766142E107EF6003152D0 /* Main.html */; };
		861766522E107EF7003152D0 /* Main.html in Resources */ = {isa = PBXBuildFile; fileRef = 861766142E107EF6003152D0 /* Main.html */; };
		861766532E107EF7003152D0 /* Icon.png in Resources */ = {isa = PBXBuildFile; fileRef = 861766162E107EF6003152D0 /* Icon.png */; };
		861766542E107EF7003152D0 /* Icon.png in Resources */ = {isa = PBXBuildFile; fileRef = 861766162E107EF6003152D0 /* Icon.png */; };
		861766552E107EF7003152D0 /* Style.css in Resources */ = {isa = PBXBuildFile; fileRef = 861766172E107EF6003152D0 /* Style.css */; };
		861766562E107EF7003152D0 /* Style.css in Resources */ = {isa = PBXBuildFile; fileRef = 861766172E107EF6003152D0 /* Style.css */; };
		861766572E107EF7003152D0 /* Script.js in Resources */ = {isa = PBXBuildFile; fileRef = 861766182E107EF6003152D0 /* Script.js */; };
		861766582E107EF7003152D0 /* Script.js in Resources */ = {isa = PBXBuildFile; fileRef = 861766182E107EF6003152D0 /* Script.js */; };
		861766592E107EF7003152D0 /* ViewController.swift in Sources */ = {isa = PBXBuildFile; fileRef = 861766192E107EF6003152D0 /* ViewController.swift */; };
		8617665A2E107EF7003152D0 /* ViewController.swift in Sources */ = {isa = PBXBuildFile; fileRef = 861766192E107EF6003152D0 /* ViewController.swift */; };
		8617665B2E107EF7003152D0 /* Assets.xcassets in Resources */ = {isa = PBXBuildFile; fileRef = 8617661A2E107EF7003152D0 /* Assets.xcassets */; };
		8617665C2E107EF7003152D0 /* Assets.xcassets in Resources */ = {isa = PBXBuildFile; fileRef = 8617661A2E107EF7003152D0 /* Assets.xcassets */; };
		8617665D2E107EF7003152D0 /* SafariWebExtensionHandler.swift in Sources */ = {isa = PBXBuildFile; fileRef = 8617661C2E107EF7003152D0 /* SafariWebExtensionHandler.swift */; };
		8617665E2E107EF7003152D0 /* SafariWebExtensionHandler.swift in Sources */ = {isa = PBXBuildFile; fileRef = 8617661C2E107EF7003152D0 /* SafariWebExtensionHandler.swift */; };
		861766992E107EF7003152D0 /* delayed.html in Resources */ = {isa = PBXBuildFile; fileRef = 861766702E107EF7003152D0 /* delayed.html */; };
		8617669A2E107EF7003152D0 /* diagnostics.js in Resources */ = {isa = PBXBuildFile; fileRef = 861766712E107EF7003152D0 /* diagnostics.js */; };
		8617669B2E107EF7003152D0 /* vi in Resources */ = {isa = PBXBuildFile; fileRef = 861766722E107EF7003152D0 /* vi */; };
		8617669C2E107EF7003152D0 /* he in Resources */ = {isa = PBXBuildFile; fileRef = 861766732E107EF7003152D0 /* he */; };
		8617669D2E107EF7003152D0 /* stats.html in Resources */ = {isa = PBXBuildFile; fileRef = 861766742E107EF7003152D0 /* stats.html */; };
		8617669E2E107EF7003152D0 /* popup.js in Resources */ = {isa = PBXBuildFile; fileRef = 861766752E107EF7003152D0 /* popup.js */; };
		8617669F2E107EF7003152D0 /* add-sites.js in Resources */ = {isa = PBXBuildFile; fileRef = 861766762E107EF7003152D0 /* add-sites.js */; };
		861766A02E107EF7003152D0 /* content.css in Resources */ = {isa = PBXBuildFile; fileRef = 861766772E107EF7003152D0 /* content.css */; };
		861766A12E107EF7003152D0 /* LICENSE in Resources */ = {isa = PBXBuildFile; fileRef = 861766782E107EF7003152D0 /* LICENSE */; };
		861766A22E107EF7003152D0 /* background.js in Resources */ = {isa = PBXBuildFile; fileRef = 861766792E107EF7003152D0 /* background.js */; };
		861766A32E107EF7003152D0 /* images in Resources */ = {isa = PBXBuildFile; fileRef = 8617667A2E107EF7003152D0 /* images */; };
		861766A42E107EF7003152D0 /* lockdown.html in Resources */ = {isa = PBXBuildFile; fileRef = 8617667B2E107EF7003152D0 /* lockdown.html */; };
		861766A52E107EF7003152D0 /* popup.html in Resources */ = {isa = PBXBuildFile; fileRef = 8617667C2E107EF7003152D0 /* popup.html */; };
		861766A62E107EF7003152D0 /* pt_BR in Resources */ = {isa = PBXBuildFile; fileRef = 8617667D2E107EF7003152D0 /* pt_BR */; };
		861766A72E107EF7003152D0 /* options.js in Resources */ = {isa = PBXBuildFile; fileRef = 8617667E2E107EF7003152D0 /* options.js */; };
		861766A82E107EF7003152D0 /* it in Resources */ = {isa = PBXBuildFile; fileRef = 8617667F2E107EF7003152D0 /* it */; };
		861766A92E107EF7003152D0 /* blocked.js in Resources */ = {isa = PBXBuildFile; fileRef = 861766802E107EF7003152D0 /* blocked.js */; };
		861766AA2E107EF7003152D0 /* VERSIONS.md in Resources */ = {isa = PBXBuildFile; fileRef = 861766812E107EF7003152D0 /* VERSIONS.md */; };
		861766AB2E107EF7003152D0 /* add-sites.html in Resources */ = {isa = PBXBuildFile; fileRef = 861766822E107EF7003152D0 /* add-sites.html */; };
		861766AC2E107EF7003152D0 /* README.md in Resources */ = {isa = PBXBuildFile; fileRef = 861766832E107EF7003152D0 /* README.md */; };
		861766AD2E107EF7003152D0 /* override.html in Resources */ = {isa = PBXBuildFile; fileRef = 861766842E107EF7003152D0 /* override.html */; };
		861766AE2E107EF7003152D0 /* diagnostics.html in Resources */ = {isa = PBXBuildFile; fileRef = 861766852E107EF7003152D0 /* diagnostics.html */; };
		861766AF2E107EF7003152D0 /* override.js in Resources */ = {isa = PBXBuildFile; fileRef = 861766862E107EF7003152D0 /* override.js */; };
		861766B02E107EF7003152D0 /* icons in Resources */ = {isa = PBXBuildFile; fileRef = 861766872E107EF7003152D0 /* icons */; };
		861766B12E107EF7003152D0 /* style.css in Resources */ = {isa = PBXBuildFile; fileRef = 861766882E107EF7003152D0 /* style.css */; };
		861766B22E107EF7003152D0 /* manifest.json in Resources */ = {isa = PBXBuildFile; fileRef = 861766892E107EF7003152D0 /* manifest.json */; };
		861766B32E107EF7003152D0 /* lockdown.js in Resources */ = {isa = PBXBuildFile; fileRef = 8617668A2E107EF7003152D0 /* lockdown.js */; };
		861766B42E107EF7003152D0 /* de in Resources */ = {isa = PBXBuildFile; fileRef = 8617668B2E107EF7003152D0 /* de */; };
		861766B52E107EF7003152D0 /* options.html in Resources */ = {isa = PBXBuildFile; fileRef = 8617668C2E107EF7003152D0 /* options.html */; };
		861766B62E107EF7003152D0 /* common.js in Resources */ = {isa = PBXBuildFile; fileRef = 8617668D2E107EF7003152D0 /* common.js */; };
		861766B72E107EF7003152D0 /* popup.css in Resources */ = {isa = PBXBuildFile; fileRef = 8617668E2E107EF7003152D0 /* popup.css */; };
		861766B82E107EF7003152D0 /* _locales in Resources */ = {isa = PBXBuildFile; fileRef = 8617668F2E107EF7003152D0 /* _locales */; };
		861766B92E107EF7003152D0 /* content.js in Resources */ = {isa = PBXBuildFile; fileRef = 861766902E107EF7003152D0 /* content.js */; };
		861766BA2E107EF7003152D0 /* es in Resources */ = {isa = PBXBuildFile; fileRef = 861766912E107EF7003152D0 /* es */; };
		861766BB2E107EF7003152D0 /* fonts.css in Resources */ = {isa = PBXBuildFile; fileRef = 861766922E107EF7003152D0 /* fonts.css */; };
		861766BC2E107EF7003152D0 /* fonts in Resources */ = {isa = PBXBuildFile; fileRef = 861766932E107EF7003152D0 /* fonts */; };
		861766BD2E107EF7003152D0 /* blocked.html in Resources */ = {isa = PBXBuildFile; fileRef = 861766942E107EF7003152D0 /* blocked.html */; };
		861766BE2E107EF7003152D0 /* themes in Resources */ = {isa = PBXBuildFile; fileRef = 861766952E107EF7003152D0 /* themes */; };
		861766BF2E107EF7003152D0 /* options.css in Resources */ = {isa = PBXBuildFile; fileRef = 861766962E107EF7003152D0 /* options.css */; };
		861766C02E107EF7003152D0 /* stats.js in Resources */ = {isa = PBXBuildFile; fileRef = 861766972E107EF7003152D0 /* stats.js */; };
		861766C12E107EF7003152D0 /* password.html in Resources */ = {isa = PBXBuildFile; fileRef = 861766982E107EF7003152D0 /* password.html */; };
		861766C22E107EF7003152D0 /* delayed.html in Resources */ = {isa = PBXBuildFile; fileRef = 861766702E107EF7003152D0 /* delayed.html */; };
		861766C32E107EF7003152D0 /* diagnostics.js in Resources */ = {isa = PBXBuildFile; fileRef = 861766712E107EF7003152D0 /* diagnostics.js */; };
		861766C42E107EF7003152D0 /* vi in Resources */ = {isa = PBXBuildFile; fileRef = 861766722E107EF7003152D0 /* vi */; };
		861766C52E107EF7003152D0 /* he in Resources */ = {isa = PBXBuildFile; fileRef = 861766732E107EF7003152D0 /* he */; };
		861766C62E107EF7003152D0 /* stats.html in Resources */ = {isa = PBXBuildFile; fileRef = 861766742E107EF7003152D0 /* stats.html */; };
		861766C72E107EF7003152D0 /* popup.js in Resources */ = {isa = PBXBuildFile; fileRef = 861766752E107EF7003152D0 /* popup.js */; };
		861766C82E107EF7003152D0 /* add-sites.js in Resources */ = {isa = PBXBuildFile; fileRef = 861766762E107EF7003152D0 /* add-sites.js */; };
		861766C92E107EF7003152D0 /* content.css in Resources */ = {isa = PBXBuildFile; fileRef = 861766772E107EF7003152D0 /* content.css */; };
		861766CA2E107EF7003152D0 /* LICENSE in Resources */ = {isa = PBXBuildFile; fileRef = 861766782E107EF7003152D0 /* LICENSE */; };
		861766CB2E107EF7003152D0 /* background.js in Resources */ = {isa = PBXBuildFile; fileRef = 861766792E107EF7003152D0 /* background.js */; };
		861766CC2E107EF7003152D0 /* images in Resources */ = {isa = PBXBuildFile; fileRef = 8617667A2E107EF7003152D0 /* images */; };
		861766CD2E107EF7003152D0 /* lockdown.html in Resources */ = {isa = PBXBuildFile; fileRef = 8617667B2E107EF7003152D0 /* lockdown.html */; };
		861766CE2E107EF7003152D0 /* popup.html in Resources */ = {isa = PBXBuildFile; fileRef = 8617667C2E107EF7003152D0 /* popup.html */; };
		861766CF2E107EF7003152D0 /* pt_BR in Resources */ = {isa = PBXBuildFile; fileRef = 8617667D2E107EF7003152D0 /* pt_BR */; };
		861766D02E107EF7003152D0 /* options.js in Resources */ = {isa = PBXBuildFile; fileRef = 8617667E2E107EF7003152D0 /* options.js */; };
		861766D12E107EF7003152D0 /* it in Resources */ = {isa = PBXBuildFile; fileRef = 8617667F2E107EF7003152D0 /* it */; };
		861766D22E107EF7003152D0 /* blocked.js in Resources */ = {isa = PBXBuildFile; fileRef = 861766802E107EF7003152D0 /* blocked.js */; };
		861766D32E107EF7003152D0 /* VERSIONS.md in Resources */ = {isa = PBXBuildFile; fileRef = 861766812E107EF7003152D0 /* VERSIONS.md */; };
		861766D42E107EF7003152D0 /* add-sites.html in Resources */ = {isa = PBXBuildFile; fileRef = 861766822E107EF7003152D0 /* add-sites.html */; };
		861766D52E107EF7003152D0 /* README.md in Resources */ = {isa = PBXBuildFile; fileRef = 861766832E107EF7003152D0 /* README.md */; };
		861766D62E107EF7003152D0 /* override.html in Resources */ = {isa = PBXBuildFile; fileRef = 861766842E107EF7003152D0 /* override.html */; };
		861766D72E107EF7003152D0 /* diagnostics.html in Resources */ = {isa = PBXBuildFile; fileRef = 861766852E107EF7003152D0 /* diagnostics.html */; };
		861766D82E107EF7003152D0 /* override.js in Resources */ = {isa = PBXBuildFile; fileRef = 861766862E107EF7003152D0 /* override.js */; };
		861766D92E107EF7003152D0 /* icons in Resources */ = {isa = PBXBuildFile; fileRef = 861766872E107EF7003152D0 /* icons */; };
		861766DA2E107EF7003152D0 /* style.css in Resources */ = {isa = PBXBuildFile; fileRef = 861766882E107EF7003152D0 /* style.css */; };
		861766DB2E107EF7003152D0 /* manifest.json in Resources */ = {isa = PBXBuildFile; fileRef = 861766892E107EF7003152D0 /* manifest.json */; };
		861766DC2E107EF7003152D0 /* lockdown.js in Resources */ = {isa = PBXBuildFile; fileRef = 8617668A2E107EF7003152D0 /* lockdown.js */; };
		861766DD2E107EF7003152D0 /* de in Resources */ = {isa = PBXBuildFile; fileRef = 8617668B2E107EF7003152D0 /* de */; };
		861766DE2E107EF7003152D0 /* options.html in Resources */ = {isa = PBXBuildFile; fileRef = 8617668C2E107EF7003152D0 /* options.html */; };
		861766DF2E107EF7003152D0 /* common.js in Resources */ = {isa = PBXBuildFile; fileRef = 8617668D2E107EF7003152D0 /* common.js */; };
		861766E02E107EF7003152D0 /* popup.css in Resources */ = {isa = PBXBuildFile; fileRef = 8617668E2E107EF7003152D0 /* popup.css */; };
		861766E12E107EF7003152D0 /* _locales in Resources */ = {isa = PBXBuildFile; fileRef = 8617668F2E107EF7003152D0 /* _locales */; };
		861766E22E107EF7003152D0 /* content.js in Resources */ = {isa = PBXBuildFile; fileRef = 861766902E107EF7003152D0 /* content.js */; };
		861766E32E107EF7003152D0 /* es in Resources */ = {isa = PBXBuildFile; fileRef = 861766912E107EF7003152D0 /* es */; };
		861766E42E107EF7003152D0 /* fonts.css in Resources */ = {isa = PBXBuildFile; fileRef = 861766922E107EF7003152D0 /* fonts.css */; };
		861766E52E107EF7003152D0 /* fonts in Resources */ = {isa = PBXBuildFile; fileRef = 861766932E107EF7003152D0 /* fonts */; };
		861766E62E107EF7003152D0 /* blocked.html in Resources */ = {isa = PBXBuildFile; fileRef = 861766942E107EF7003152D0 /* blocked.html */; };
		861766E72E107EF7003152D0 /* themes in Resources */ = {isa = PBXBuildFile; fileRef = 861766952E107EF7003152D0 /* themes */; };
		861766E82E107EF7003152D0 /* options.css in Resources */ = {isa = PBXBuildFile; fileRef = 861766962E107EF7003152D0 /* options.css */; };
		861766E92E107EF7003152D0 /* stats.js in Resources */ = {isa = PBXBuildFile; fileRef = 861766972E107EF7003152D0 /* stats.js */; };
		861766EA2E107EF7003152D0 /* password.html in Resources */ = {isa = PBXBuildFile; fileRef = 861766982E107EF7003152D0 /* password.html */; };
/* End PBXBuildFile section */

/* Begin PBXContainerItemProxy section */
		861766422E107EF7003152D0 /* PBXContainerItemProxy */ = {
			isa = PBXContainerItemProxy;
			containerPortal = 8617660E2E107EF6003152D0 /* Project object */;
			proxyType = 1;
			remoteGlobalIDString = 8617663F2E107EF7003152D0;
			remoteInfo = "ivBlock Extension (iOS)";
		};
		8617664C2E107EF7003152D0 /* PBXContainerItemProxy */ = {
			isa = PBXContainerItemProxy;
			containerPortal = 8617660E2E107EF6003152D0 /* Project object */;
			proxyType = 1;
			remoteGlobalIDString = 861766492E107EF7003152D0;
			remoteInfo = "ivBlock Extension (macOS)";
		};
/* End PBXContainerItemProxy section */

/* Begin PBXCopyFilesBuildPhase section */
		861766642E107EF7003152D0 /* Embed Foundation Extensions */ = {
			isa = PBXCopyFilesBuildPhase;
			buildActionMask = 2147483647;
			dstPath = "";
			dstSubfolderSpec = 13;
			files = (
				861766412E107EF7003152D0 /* ivBlock Extension.appex in Embed Foundation Extensions */,
			);
			name = "Embed Foundation Extensions";
			runOnlyForDeploymentPostprocessing = 0;
		};
		8617666B2E107EF7003152D0 /* Embed Foundation Extensions */ = {
			isa = PBXCopyFilesBuildPhase;
			buildActionMask = 2147483647;
			dstPath = "";
			dstSubfolderSpec = 13;
			files = (
				8617664B2E107EF7003152D0 /* ivBlock Extension.appex in Embed Foundation Extensions */,
			);
			name = "Embed Foundation Extensions";
			runOnlyForDeploymentPostprocessing = 0;
		};
/* End PBXCopyFilesBuildPhase section */

/* Begin PBXFileReference section */
		861766152E107EF6003152D0 /* Base */ = {isa = PBXFileReference; lastKnownFileType = text.html; name = Base; path = Base.lproj/Main.html; sourceTree = "<group>"; };
		861766162E107EF6003152D0 /* Icon.png */ = {isa = PBXFileReference; lastKnownFileType = image.png; path = Icon.png; sourceTree = "<group>"; };
		861766172E107EF6003152D0 /* Style.css */ = {isa = PBXFileReference; lastKnownFileType = text.css; path = Style.css; sourceTree = "<group>"; };
		861766182E107EF6003152D0 /* Script.js */ = {isa = PBXFileReference; lastKnownFileType = sourcecode.javascript; path = Script.js; sourceTree = "<group>"; };
		861766192E107EF6003152D0 /* ViewController.swift */ = {isa = PBXFileReference; lastKnownFileType = sourcecode.swift; path = ViewController.swift; sourceTree = "<group>"; };
		8617661A2E107EF7003152D0 /* Assets.xcassets */ = {isa = PBXFileReference; lastKnownFileType = folder.assetcatalog; path = Assets.xcassets; sourceTree = "<group>"; };
		8617661C2E107EF7003152D0 /* SafariWebExtensionHandler.swift */ = {isa = PBXFileReference; lastKnownFileType = sourcecode.swift; path = SafariWebExtensionHandler.swift; sourceTree = "<group>"; };
		861766212E107EF7003152D0 /* ivBlock.app */ = {isa = PBXFileReference; explicitFileType = wrapper.application; includeInIndex = 0; path = ivBlock.app; sourceTree = BUILT_PRODUCTS_DIR; };
		861766242E107EF7003152D0 /* AppDelegate.swift */ = {isa = PBXFileReference; lastKnownFileType = sourcecode.swift; path = AppDelegate.swift; sourceTree = "<group>"; };
		861766262E107EF7003152D0 /* SceneDelegate.swift */ = {isa = PBXFileReference; lastKnownFileType = sourcecode.swift; path = SceneDelegate.swift; sourceTree = "<group>"; };
		861766292E107EF7003152D0 /* Base */ = {isa = PBXFileReference; lastKnownFileType = file.storyboard; name = Base; path = Base.lproj/LaunchScreen.storyboard; sourceTree = "<group>"; };
		8617662C2E107EF7003152D0 /* Base */ = {isa = PBXFileReference; lastKnownFileType = file.storyboard; name = Base; path = Base.lproj/Main.storyboard; sourceTree = "<group>"; };
		8617662E2E107EF7003152D0 /* Info.plist */ = {isa = PBXFileReference; lastKnownFileType = text.plist.xml; path = Info.plist; sourceTree = "<group>"; };
		861766332E107EF7003152D0 /* ivBlock.app */ = {isa = PBXFileReference; explicitFileType = wrapper.application; includeInIndex = 0; path = ivBlock.app; sourceTree = BUILT_PRODUCTS_DIR; };
		861766352E107EF7003152D0 /* AppDelegate.swift */ = {isa = PBXFileReference; lastKnownFileType = sourcecode.swift; path = AppDelegate.swift; sourceTree = "<group>"; };
		861766382E107EF7003152D0 /* Base */ = {isa = PBXFileReference; lastKnownFileType = file.storyboard; name = Base; path = Base.lproj/Main.storyboard; sourceTree = "<group>"; };
		8617663A2E107EF7003152D0 /* Info.plist */ = {isa = PBXFileReference; lastKnownFileType = text.plist.xml; path = Info.plist; sourceTree = "<group>"; };
		8617663B2E107EF7003152D0 /* ivBlock.entitlements */ = {isa = PBXFileReference; lastKnownFileType = text.plist.entitlements; path = ivBlock.entitlements; sourceTree = "<group>"; };
		861766402E107EF7003152D0 /* ivBlock Extension.appex */ = {isa = PBXFileReference; explicitFileType = "wrapper.app-extension"; includeInIndex = 0; path = "ivBlock Extension.appex"; sourceTree = BUILT_PRODUCTS_DIR; };
		861766452E107EF7003152D0 /* Info.plist */ = {isa = PBXFileReference; lastKnownFileType = text.plist.xml; path = Info.plist; sourceTree = "<group>"; };
		8617664A2E107EF7003152D0 /* ivBlock Extension.appex */ = {isa = PBXFileReference; explicitFileType = "wrapper.app-extension"; includeInIndex = 0; path = "ivBlock Extension.appex"; sourceTree = BUILT_PRODUCTS_DIR; };
		8617664F2E107EF7003152D0 /* Info.plist */ = {isa = PBXFileReference; lastKnownFileType = text.plist.xml; path = Info.plist; sourceTree = "<group>"; };
		861766502E107EF7003152D0 /* ivBlock.entitlements */ = {isa = PBXFileReference; lastKnownFileType = text.plist.entitlements; path = ivBlock.entitlements; sourceTree = "<group>"; };
		861766702E107EF7003152D0 /* delayed.html */ = {isa = PBXFileReference; lastKnownFileType = text.html; name = delayed.html; path = ../../LeechBlockNG/delayed.html; sourceTree = "<group>"; };
		861766712E107EF7003152D0 /* diagnostics.js */ = {isa = PBXFileReference; lastKnownFileType = sourcecode.javascript; name = diagnostics.js; path = ../../LeechBlockNG/diagnostics.js; sourceTree = "<group>"; };
		861766722E107EF7003152D0 /* vi */ = {isa = PBXFileReference; lastKnownFileType = folder; name = vi; path = ../../LeechBlockNG/vi; sourceTree = "<group>"; };
		861766732E107EF7003152D0 /* he */ = {isa = PBXFileReference; lastKnownFileType = folder; name = he; path = ../../LeechBlockNG/he; sourceTree = "<group>"; };
		861766742E107EF7003152D0 /* stats.html */ = {isa = PBXFileReference; lastKnownFileType = text.html; name = stats.html; path = ../../LeechBlockNG/stats.html; sourceTree = "<group>"; };
		861766752E107EF7003152D0 /* popup.js */ = {isa = PBXFileReference; lastKnownFileType = sourcecode.javascript; name = popup.js; path = ../../LeechBlockNG/popup.js; sourceTree = "<group>"; };
		861766762E107EF7003152D0 /* add-sites.js */ = {isa = PBXFileReference; lastKnownFileType = sourcecode.javascript; name = "add-sites.js"; path = "../../LeechBlockNG/add-sites.js"; sourceTree = "<group>"; };
		861766772E107EF7003152D0 /* content.css */ = {isa = PBXFileReference; lastKnownFileType = text.css; name = content.css; path = ../../LeechBlockNG/content.css; sourceTree = "<group>"; };
		861766782E107EF7003152D0 /* LICENSE */ = {isa = PBXFileReference; lastKnownFileType = text; name = LICENSE; path = ../../LeechBlockNG/LICENSE; sourceTree = "<group>"; };
		861766792E107EF7003152D0 /* background.js */ = {isa = PBXFileReference; lastKnownFileType = sourcecode.javascript; name = background.js; path = ../../LeechBlockNG/background.js; sourceTree = "<group>"; };
		8617667A2E107EF7003152D0 /* images */ = {isa = PBXFileReference; lastKnownFileType = folder; name = images; path = ../../LeechBlockNG/images; sourceTree = "<group>"; };
		8617667B2E107EF7003152D0 /* lockdown.html */ = {isa = PBXFileReference; lastKnownFileType = text.html; name = lockdown.html; path = ../../LeechBlockNG/lockdown.html; sourceTree = "<group>"; };
		8617667C2E107EF7003152D0 /* popup.html */ = {isa = PBXFileReference; lastKnownFileType = text.html; name = popup.html; path = ../../LeechBlockNG/popup.html; sourceTree = "<group>"; };
		8617667D2E107EF7003152D0 /* pt_BR */ = {isa = PBXFileReference; lastKnownFileType = folder; name = pt_BR; path = ../../LeechBlockNG/pt_BR; sourceTree = "<group>"; };
		8617667E2E107EF7003152D0 /* options.js */ = {isa = PBXFileReference; lastKnownFileType = sourcecode.javascript; name = options.js; path = ../../LeechBlockNG/options.js; sourceTree = "<group>"; };
		8617667F2E107EF7003152D0 /* it */ = {isa = PBXFileReference; lastKnownFileType = folder; name = it; path = ../../LeechBlockNG/it; sourceTree = "<group>"; };
		861766802E107EF7003152D0 /* blocked.js */ = {isa = PBXFileReference; lastKnownFileType = sourcecode.javascript; name = blocked.js; path = ../../LeechBlockNG/blocked.js; sourceTree = "<group>"; };
		861766812E107EF7003152D0 /* VERSIONS.md */ = {isa = PBXFileReference; lastKnownFileType = net.daringfireball.markdown; name = VERSIONS.md; path = ../../LeechBlockNG/VERSIONS.md; sourceTree = "<group>"; };
		861766822E107EF7003152D0 /* add-sites.html */ = {isa = PBXFileReference; lastKnownFileType = text.html; name = "add-sites.html"; path = "../../LeechBlockNG/add-sites.html"; sourceTree = "<group>"; };
		861766832E107EF7003152D0 /* README.md */ = {isa = PBXFileReference; lastKnownFileType = net.daringfireball.markdown; name = README.md; path = ../../LeechBlockNG/README.md; sourceTree = "<group>"; };
		861766842E107EF7003152D0 /* override.html */ = {isa = PBXFileReference; lastKnownFileType = text.html; name = override.html; path = ../../LeechBlockNG/override.html; sourceTree = "<group>"; };
		861766852E107EF7003152D0 /* diagnostics.html */ = {isa = PBXFileReference; lastKnownFileType = text.html; name = diagnostics.html; path = ../../LeechBlockNG/diagnostics.html; sourceTree = "<group>"; };
		861766862E107EF7003152D0 /* override.js */ = {isa = PBXFileReference; lastKnownFileType = sourcecode.javascript; name = override.js; path = ../../LeechBlockNG/override.js; sourceTree = "<group>"; };
		861766872E107EF7003152D0 /* icons */ = {isa = PBXFileReference; lastKnownFileType = folder; name = icons; path = ../../LeechBlockNG/icons; sourceTree = "<group>"; };
		861766882E107EF7003152D0 /* style.css */ = {isa = PBXFileReference; lastKnownFileType = text.css; name = style.css; path = ../../LeechBlockNG/style.css; sourceTree = "<group>"; };
		861766892E107EF7003152D0 /* manifest.json */ = {isa = PBXFileReference; lastKnownFileType = text.json; name = manifest.json; path = ../../LeechBlockNG/manifest.json; sourceTree = "<group>"; };
		8617668A2E107EF7003152D0 /* lockdown.js */ = {isa = PBXFileReference; lastKnownFileType = sourcecode.javascript; name = lockdown.js; path = ../../LeechBlockNG/lockdown.js; sourceTree = "<group>"; };
		8617668B2E107EF7003152D0 /* de */ = {isa = PBXFileReference; lastKnownFileType = folder; name = de; path = ../../LeechBlockNG/de; sourceTree = "<group>"; };
		8617668C2E107EF7003152D0 /* options.html */ = {isa = PBXFileReference; lastKnownFileType = text.html; name = options.html; path = ../../LeechBlockNG/options.html; sourceTree = "<group>"; };
		8617668D2E107EF7003152D0 /* common.js */ = {isa = PBXFileReference; lastKnownFileType = sourcecode.javascript; name = common.js; path = ../../LeechBlockNG/common.js; sourceTree = "<group>"; };
		8617668E2E107EF7003152D0 /* popup.css */ = {isa = PBXFileReference; lastKnownFileType = text.css; name = popup.css; path = ../../LeechBlockNG/popup.css; sourceTree = "<group>"; };
		8617668F2E107EF7003152D0 /* _locales */ = {isa = PBXFileReference; lastKnownFileType = folder; name = _locales; path = ../../LeechBlockNG/_locales; sourceTree = "<group>"; };
		861766902E107EF7003152D0 /* content.js */ = {isa = PBXFileReference; lastKnownFileType = sourcecode.javascript; name = content.js; path = ../../LeechBlockNG/content.js; sourceTree = "<group>"; };
		861766912E107EF7003152D0 /* es */ = {isa = PBXFileReference; lastKnownFileType = folder; name = es; path = ../../LeechBlockNG/es; sourceTree = "<group>"; };
		861766922E107EF7003152D0 /* fonts.css */ = {isa = PBXFileReference; lastKnownFileType = text.css; name = fonts.css; path = ../../LeechBlockNG/fonts.css; sourceTree = "<group>"; };
		861766932E107EF7003152D0 /* fonts */ = {isa = PBXFileReference; lastKnownFileType = folder; name = fonts; path = ../../LeechBlockNG/fonts; sourceTree = "<group>"; };
		861766942E107EF7003152D0 /* blocked.html */ = {isa = PBXFileReference; lastKnownFileType = text.html; name = blocked.html; path = ../../LeechBlockNG/blocked.html; sourceTree = "<group>"; };
		861766952E107EF7003152D0 /* themes */ = {isa = PBXFileReference; lastKnownFileType = folder; name = themes; path = ../../LeechBlockNG/themes; sourceTree = "<group>"; };
		861766962E107EF7003152D0 /* options.css */ = {isa = PBXFileReference; lastKnownFileType = text.css; name = options.css; path = ../../LeechBlockNG/options.css; sourceTree = "<group>"; };
		861766972E107EF7003152D0 /* stats.js */ = {isa = PBXFileReference; lastKnownFileType = sourcecode.javascript; name = stats.js; path = ../../LeechBlockNG/stats.js; sourceTree = "<group>"; };
		861766982E107EF7003152D0 /* password.html */ = {isa = PBXFileReference; lastKnownFileType = text.html; name = password.html; path = ../../LeechBlockNG/password.html; sourceTree = "<group>"; };
/* End PBXFileReference section */

/* Begin PBXFrameworksBuildPhase section */
		8617661E2E107EF7003152D0 /* Frameworks */ = {
			isa = PBXFrameworksBuildPhase;
			buildActionMask = 2147483647;
			files = (
			);
			runOnlyForDeploymentPostprocessing = 0;
		};
		861766302E107EF7003152D0 /* Frameworks */ = {
			isa = PBXFrameworksBuildPhase;
			buildActionMask = 2147483647;
			files = (
			);
			runOnlyForDeploymentPostprocessing = 0;
		};
		8617663D2E107EF7003152D0 /* Frameworks */ = {
			isa = PBXFrameworksBuildPhase;
			buildActionMask = 2147483647;
			files = (
			);
			runOnlyForDeploymentPostprocessing = 0;
		};
		861766472E107EF7003152D0 /* Frameworks */ = {
			isa = PBXFrameworksBuildPhase;
			buildActionMask = 2147483647;
			files = (
			);
			runOnlyForDeploymentPostprocessing = 0;
		};
/* End PBXFrameworksBuildPhase section */

/* Begin PBXGroup section */
		8617660D2E107EF6003152D0 = {
			isa = PBXGroup;
			children = (
				861766122E107EF6003152D0 /* Shared (App) */,
				8617661B2E107EF7003152D0 /* Shared (Extension) */,
				861766232E107EF7003152D0 /* iOS (App) */,
				861766342E107EF7003152D0 /* macOS (App) */,
				861766442E107EF7003152D0 /* iOS (Extension) */,
				8617664E2E107EF7003152D0 /* macOS (Extension) */,
				861766222E107EF7003152D0 /* Products */,
			);
			sourceTree = "<group>";
		};
		861766122E107EF6003152D0 /* Shared (App) */ = {
			isa = PBXGroup;
			children = (
				861766192E107EF6003152D0 /* ViewController.swift */,
				8617661A2E107EF7003152D0 /* Assets.xcassets */,
				861766132E107EF6003152D0 /* Resources */,
			);
			path = "Shared (App)";
			sourceTree = "<group>";
		};
		861766132E107EF6003152D0 /* Resources */ = {
			isa = PBXGroup;
			children = (
				861766142E107EF6003152D0 /* Main.html */,
				861766162E107EF6003152D0 /* Icon.png */,
				861766172E107EF6003152D0 /* Style.css */,
				861766182E107EF6003152D0 /* Script.js */,
			);
			path = Resources;
			sourceTree = "<group>";
		};
		8617661B2E107EF7003152D0 /* Shared (Extension) */ = {
			isa = PBXGroup;
			children = (
				8617666F2E107EF7003152D0 /* Resources */,
				8617661C2E107EF7003152D0 /* SafariWebExtensionHandler.swift */,
			);
			path = "Shared (Extension)";
			sourceTree = "<group>";
		};
		861766222E107EF7003152D0 /* Products */ = {
			isa = PBXGroup;
			children = (
				861766212E107EF7003152D0 /* ivBlock.app */,
				861766332E107EF7003152D0 /* ivBlock.app */,
				861766402E107EF7003152D0 /* ivBlock Extension.appex */,
				8617664A2E107EF7003152D0 /* ivBlock Extension.appex */,
			);
			name = Products;
			sourceTree = "<group>";
		};
		861766232E107EF7003152D0 /* iOS (App) */ = {
			isa = PBXGroup;
			children = (
				861766242E107EF7003152D0 /* AppDelegate.swift */,
				861766262E107EF7003152D0 /* SceneDelegate.swift */,
				861766282E107EF7003152D0 /* LaunchScreen.storyboard */,
				8617662B2E107EF7003152D0 /* Main.storyboard */,
				8617662E2E107EF7003152D0 /* Info.plist */,
			);
			path = "iOS (App)";
			sourceTree = "<group>";
		};
		861766342E107EF7003152D0 /* macOS (App) */ = {
			isa = PBXGroup;
			children = (
				861766352E107EF7003152D0 /* AppDelegate.swift */,
				861766372E107EF7003152D0 /* Main.storyboard */,
				8617663A2E107EF7003152D0 /* Info.plist */,
				8617663B2E107EF7003152D0 /* ivBlock.entitlements */,
			);
			path = "macOS (App)";
			sourceTree = "<group>";
		};
		861766442E107EF7003152D0 /* iOS (Extension) */ = {
			isa = PBXGroup;
			children = (
				861766452E107EF7003152D0 /* Info.plist */,
			);
			path = "iOS (Extension)";
			sourceTree = "<group>";
		};
		8617664E2E107EF7003152D0 /* macOS (Extension) */ = {
			isa = PBXGroup;
			children = (
				8617664F2E107EF7003152D0 /* Info.plist */,
				861766502E107EF7003152D0 /* ivBlock.entitlements */,
			);
			path = "macOS (Extension)";
			sourceTree = "<group>";
		};
		8617666F2E107EF7003152D0 /* Resources */ = {
			isa = PBXGroup;
			children = (
				861766702E107EF7003152D0 /* delayed.html */,
				861766712E107EF7003152D0 /* diagnostics.js */,
				861766722E107EF7003152D0 /* vi */,
				861766732E107EF7003152D0 /* he */,
				861766742E107EF7003152D0 /* stats.html */,
				861766752E107EF7003152D0 /* popup.js */,
				861766762E107EF7003152D0 /* add-sites.js */,
				861766772E107EF7003152D0 /* content.css */,
				861766782E107EF7003152D0 /* LICENSE */,
				861766792E107EF7003152D0 /* background.js */,
				8617667A2E107EF7003152D0 /* images */,
				8617667B2E107EF7003152D0 /* lockdown.html */,
				8617667C2E107EF7003152D0 /* popup.html */,
				8617667D2E107EF7003152D0 /* pt_BR */,
				8617667E2E107EF7003152D0 /* options.js */,
				8617667F2E107EF7003152D0 /* it */,
				861766802E107EF7003152D0 /* blocked.js */,
				861766812E107EF7003152D0 /* VERSIONS.md */,
				861766822E107EF7003152D0 /* add-sites.html */,
				861766832E107EF7003152D0 /* README.md */,
				861766842E107EF7003152D0 /* override.html */,
				861766852E107EF7003152D0 /* diagnostics.html */,
				861766862E107EF7003152D0 /* override.js */,
				861766872E107EF7003152D0 /* icons */,
				861766882E107EF7003152D0 /* style.css */,
				861766892E107EF7003152D0 /* manifest.json */,
				8617668A2E107EF7003152D0 /* lockdown.js */,
				8617668B2E107EF7003152D0 /* de */,
				8617668C2E107EF7003152D0 /* options.html */,
				8617668D2E107EF7003152D0 /* common.js */,
				8617668E2E107EF7003152D0 /* popup.css */,
				8617668F2E107EF7003152D0 /* _locales */,
				861766902E107EF7003152D0 /* content.js */,
				861766912E107EF7003152D0 /* es */,
				861766922E107EF7003152D0 /* fonts.css */,
				861766932E107EF7003152D0 /* fonts */,
				861766942E107EF7003152D0 /* blocked.html */,
				861766952E107EF7003152D0 /* themes */,
				861766962E107EF7003152D0 /* options.css */,
				861766972E107EF7003152D0 /* stats.js */,
				861766982E107EF7003152D0 /* password.html */,
			);
			name = Resources;
			path = "Shared (Extension)";
			sourceTree = SOURCE_ROOT;
		};
/* End PBXGroup section */

/* Begin PBXNativeTarget section */
		861766202E107EF7003152D0 /* ivBlock (iOS) */ = {
			isa = PBXNativeTarget;
			buildConfigurationList = 861766652E107EF7003152D0 /* Build configuration list for PBXNativeTarget "ivBlock (iOS)" */;
			buildPhases = (
				8617661D2E107EF7003152D0 /* Sources */,
				8617661E2E107EF7003152D0 /* Frameworks */,
				8617661F2E107EF7003152D0 /* Resources */,
				861766642E107EF7003152D0 /* Embed Foundation Extensions */,
			);
			buildRules = (
			);
			dependencies = (
				861766432E107EF7003152D0 /* PBXTargetDependency */,
			);
			name = "ivBlock (iOS)";
			packageProductDependencies = (
			);
			productName = "ivBlock (iOS)";
			productReference = 861766212E107EF7003152D0 /* ivBlock.app */;
			productType = "com.apple.product-type.application";
		};
		861766322E107EF7003152D0 /* ivBlock (macOS) */ = {
			isa = PBXNativeTarget;
			buildConfigurationList = 8617666C2E107EF7003152D0 /* Build configuration list for PBXNativeTarget "ivBlock (macOS)" */;
			buildPhases = (
				8617662F2E107EF7003152D0 /* Sources */,
				861766302E107EF7003152D0 /* Frameworks */,
				861766312E107EF7003152D0 /* Resources */,
				8617666B2E107EF7003152D0 /* Embed Foundation Extensions */,
			);
			buildRules = (
			);
			dependencies = (
				8617664D2E107EF7003152D0 /* PBXTargetDependency */,
			);
			name = "ivBlock (macOS)";
			packageProductDependencies = (
			);
			productName = "ivBlock (macOS)";
			productReference = 861766332E107EF7003152D0 /* ivBlock.app */;
			productType = "com.apple.product-type.application";
		};
		8617663F2E107EF7003152D0 /* ivBlock Extension (iOS) */ = {
			isa = PBXNativeTarget;
			buildConfigurationList = 861766612E107EF7003152D0 /* Build configuration list for PBXNativeTarget "ivBlock Extension (iOS)" */;
			buildPhases = (
				8617663C2E107EF7003152D0 /* Sources */,
				8617663D2E107EF7003152D0 /* Frameworks */,
				8617663E2E107EF7003152D0 /* Resources */,
			);
			buildRules = (
			);
			dependencies = (
			);
			name = "ivBlock Extension (iOS)";
			packageProductDependencies = (
			);
			productName = "ivBlock Extension (iOS)";
			productReference = 861766402E107EF7003152D0 /* ivBlock Extension.appex */;
			productType = "com.apple.product-type.app-extension";
		};
		861766492E107EF7003152D0 /* ivBlock Extension (macOS) */ = {
			isa = PBXNativeTarget;
			buildConfigurationList = 861766682E107EF7003152D0 /* Build configuration list for PBXNativeTarget "ivBlock Extension (macOS)" */;
			buildPhases = (
				861766462E107EF7003152D0 /* Sources */,
				861766472E107EF7003152D0 /* Frameworks */,
				861766482E107EF7003152D0 /* Resources */,
			);
			buildRules = (
			);
			dependencies = (
			);
			name = "ivBlock Extension (macOS)";
			packageProductDependencies = (
			);
			productName = "ivBlock Extension (macOS)";
			productReference = 8617664A2E107EF7003152D0 /* ivBlock Extension.appex */;
			productType = "com.apple.product-type.app-extension";
		};
/* End PBXNativeTarget section */

/* Begin PBXProject section */
		8617660E2E107EF6003152D0 /* Project object */ = {
			isa = PBXProject;
			attributes = {
				BuildIndependentTargetsInParallel = 1;
				LastSwiftUpdateCheck = 1640;
				LastUpgradeCheck = 1640;
				TargetAttributes = {
					861766202E107EF7003152D0 = {
						CreatedOnToolsVersion = 16.4;
					};
					861766322E107EF7003152D0 = {
						CreatedOnToolsVersion = 16.4;
					};
					8617663F2E107EF7003152D0 = {
						CreatedOnToolsVersion = 16.4;
					};
					861766492E107EF7003152D0 = {
						CreatedOnToolsVersion = 16.4;
					};
				};
			};
			buildConfigurationList = 861766112E107EF6003152D0 /* Build configuration list for PBXProject "ivBlock" */;
			developmentRegion = en;
			hasScannedForEncodings = 0;
			knownRegions = (
				en,
				Base,
			);
			mainGroup = 8617660D2E107EF6003152D0;
			minimizedProjectReferenceProxies = 1;
			preferredProjectObjectVersion = 77;
			productRefGroup = 861766222E107EF7003152D0 /* Products */;
			projectDirPath = "";
			projectRoot = "";
			targets = (
				861766202E107EF7003152D0 /* ivBlock (iOS) */,
				861766322E107EF7003152D0 /* ivBlock (macOS) */,
				8617663F2E107EF7003152D0 /* ivBlock Extension (iOS) */,
				861766492E107EF7003152D0 /* ivBlock Extension (macOS) */,
			);
		};
/* End PBXProject section */

/* Begin PBXResourcesBuildPhase section */
		8617661F2E107EF7003152D0 /* Resources */ = {
			isa = PBXResourcesBuildPhase;
			buildActionMask = 2147483647;
			files = (
				861766532E107EF7003152D0 /* Icon.png in Resources */,
				8617662A2E107EF7003152D0 /* LaunchScreen.storyboard in Resources */,
				861766512E107EF7003152D0 /* Main.html in Resources */,
				861766572E107EF7003152D0 /* Script.js in Resources */,
				8617665B2E107EF7003152D0 /* Assets.xcassets in Resources */,
				8617662D2E107EF7003152D0 /* Main.storyboard in Resources */,
				861766552E107EF7003152D0 /* Style.css in Resources */,
			);
			runOnlyForDeploymentPostprocessing = 0;
		};
		861766312E107EF7003152D0 /* Resources */ = {
			isa = PBXResourcesBuildPhase;
			buildActionMask = 2147483647;
			files = (
				861766542E107EF7003152D0 /* Icon.png in Resources */,
				861766562E107EF7003152D0 /* Style.css in Resources */,
				861766392E107EF7003152D0 /* Main.storyboard in Resources */,
				861766582E107EF7003152D0 /* Script.js in Resources */,
				8617665C2E107EF7003152D0 /* Assets.xcassets in Resources */,
				861766522E107EF7003152D0 /* Main.html in Resources */,
			);
			runOnlyForDeploymentPostprocessing = 0;
		};
		8617663E2E107EF7003152D0 /* Resources */ = {
			isa = PBXResourcesBuildPhase;
			buildActionMask = 2147483647;
			files = (
				861766C22E107EF7003152D0 /* delayed.html in Resources */,
				861766E42E107EF7003152D0 /* fonts.css in Resources */,
				861766CC2E107EF7003152D0 /* images in Resources */,
				861766D52E107EF7003152D0 /* README.md in Resources */,
				861766DC2E107EF7003152D0 /* lockdown.js in Resources */,
				861766C72E107EF7003152D0 /* popup.js in Resources */,
				861766C32E107EF7003152D0 /* diagnostics.js in Resources */,
				861766D02E107EF7003152D0 /* options.js in Resources */,
				861766DD2E107EF7003152D0 /* de in Resources */,
				861766D62E107EF7003152D0 /* override.html in Resources */,
				861766E92E107EF7003152D0 /* stats.js in Resources */,
				861766DF2E107EF7003152D0 /* common.js in Resources */,
				861766E32E107EF7003152D0 /* es in Resources */,
				861766E12E107EF7003152D0 /* _locales in Resources */,
				861766E02E107EF7003152D0 /* popup.css in Resources */,
				861766E72E107EF7003152D0 /* themes in Resources */,
				861766E22E107EF7003152D0 /* content.js in Resources */,
				861766E52E107EF7003152D0 /* fonts in Resources */,
				861766C42E107EF7003152D0 /* vi in Resources */,
				861766CB2E107EF7003152D0 /* background.js in Resources */,
				861766DE2E107EF7003152D0 /* options.html in Resources */,
				861766D92E107EF7003152D0 /* icons in Resources */,
				861766C52E107EF7003152D0 /* he in Resources */,
				861766CE2E107EF7003152D0 /* popup.html in Resources */,
				861766DA2E107EF7003152D0 /* style.css in Resources */,
				861766CF2E107EF7003152D0 /* pt_BR in Resources */,
				861766C92E107EF7003152D0 /* content.css in Resources */,
				861766D82E107EF7003152D0 /* override.js in Resources */,
				861766DB2E107EF7003152D0 /* manifest.json in Resources */,
				861766D12E107EF7003152D0 /* it in Resources */,
				861766CA2E107EF7003152D0 /* LICENSE in Resources */,
				861766CD2E107EF7003152D0 /* lockdown.html in Resources */,
				861766C62E107EF7003152D0 /* stats.html in Resources */,
				861766E82E107EF7003152D0 /* options.css in Resources */,
				861766D32E107EF7003152D0 /* VERSIONS.md in Resources */,
				861766C82E107EF7003152D0 /* add-sites.js in Resources */,
				861766E62E107EF7003152D0 /* blocked.html in Resources */,
				861766EA2E107EF7003152D0 /* password.html in Resources */,
				861766D22E107EF7003152D0 /* blocked.js in Resources */,
				861766D42E107EF7003152D0 /* add-sites.html in Resources */,
				861766D72E107EF7003152D0 /* diagnostics.html in Resources */,
			);
			runOnlyForDeploymentPostprocessing = 0;
		};
		861766482E107EF7003152D0 /* Resources */ = {
			isa = PBXResourcesBuildPhase;
			buildActionMask = 2147483647;
			files = (
				861766992E107EF7003152D0 /* delayed.html in Resources */,
				861766BB2E107EF7003152D0 /* fonts.css in Resources */,
				861766A32E107EF7003152D0 /* images in Resources */,
				861766AC2E107EF7003152D0 /* README.md in Resources */,
				861766B32E107EF7003152D0 /* lockdown.js in Resources */,
				8617669E2E107EF7003152D0 /* popup.js in Resources */,
				8617669A2E107EF7003152D0 /* diagnostics.js in Resources */,
				861766A72E107EF7003152D0 /* options.js in Resources */,
				861766B42E107EF7003152D0 /* de in Resources */,
				861766AD2E107EF7003152D0 /* override.html in Resources */,
				861766C02E107EF7003152D0 /* stats.js in Resources */,
				861766B62E107EF7003152D0 /* common.js in Resources */,
				861766BA2E107EF7003152D0 /* es in Resources */,
				861766B82E107EF7003152D0 /* _locales in Resources */,
				861766B72E107EF7003152D0 /* popup.css in Resources */,
				861766BE2E107EF7003152D0 /* themes in Resources */,
				861766B92E107EF7003152D0 /* content.js in Resources */,
				861766BC2E107EF7003152D0 /* fonts in Resources */,
				8617669B2E107EF7003152D0 /* vi in Resources */,
				861766A22E107EF7003152D0 /* background.js in Resources */,
				861766B52E107EF7003152D0 /* options.html in Resources */,
				861766B02E107EF7003152D0 /* icons in Resources */,
				8617669C2E107EF7003152D0 /* he in Resources */,
				861766A52E107EF7003152D0 /* popup.html in Resources */,
				861766B12E107EF7003152D0 /* style.css in Resources */,
				861766A62E107EF7003152D0 /* pt_BR in Resources */,
				861766A02E107EF7003152D0 /* content.css in Resources */,
				861766AF2E107EF7003152D0 /* override.js in Resources */,
				861766B22E107EF7003152D0 /* manifest.json in Resources */,
				861766A82E107EF7003152D0 /* it in Resources */,
				861766A12E107EF7003152D0 /* LICENSE in Resources */,
				861766A42E107EF7003152D0 /* lockdown.html in Resources */,
				8617669D2E107EF7003152D0 /* stats.html in Resources */,
				861766BF2E107EF7003152D0 /* options.css in Resources */,
				861766AA2E107EF7003152D0 /* VERSIONS.md in Resources */,
				8617669F2E107EF7003152D0 /* add-sites.js in Resources */,
				861766BD2E107EF7003152D0 /* blocked.html in Resources */,
				861766C12E107EF7003152D0 /* password.html in Resources */,
				861766A92E107EF7003152D0 /* blocked.js in Resources */,
				861766AB2E107EF7003152D0 /* add-sites.html in Resources */,
				861766AE2E107EF7003152D0 /* diagnostics.html in Resources */,
			);
			runOnlyForDeploymentPostprocessing = 0;
		};
/* End PBXResourcesBuildPhase section */

/* Begin PBXSourcesBuildPhase section */
		8617661D2E107EF7003152D0 /* Sources */ = {
			isa = PBXSourcesBuildPhase;
			buildActionMask = 2147483647;
			files = (
				861766592E107EF7003152D0 /* ViewController.swift in Sources */,
				861766252E107EF7003152D0 /* AppDelegate.swift in Sources */,
				861766272E107EF7003152D0 /* SceneDelegate.swift in Sources */,
			);
			runOnlyForDeploymentPostprocessing = 0;
		};
		8617662F2E107EF7003152D0 /* Sources */ = {
			isa = PBXSourcesBuildPhase;
			buildActionMask = 2147483647;
			files = (
				8617665A2E107EF7003152D0 /* ViewController.swift in Sources */,
				861766362E107EF7003152D0 /* AppDelegate.swift in Sources */,
			);
			runOnlyForDeploymentPostprocessing = 0;
		};
		8617663C2E107EF7003152D0 /* Sources */ = {
			isa = PBXSourcesBuildPhase;
			buildActionMask = 2147483647;
			files = (
				8617665D2E107EF7003152D0 /* SafariWebExtensionHandler.swift in Sources */,
			);
			runOnlyForDeploymentPostprocessing = 0;
		};
		861766462E107EF7003152D0 /* Sources */ = {
			isa = PBXSourcesBuildPhase;
			buildActionMask = 2147483647;
			files = (
				8617665E2E107EF7003152D0 /* SafariWebExtensionHandler.swift in Sources */,
			);
			runOnlyForDeploymentPostprocessing = 0;
		};
/* End PBXSourcesBuildPhase section */

/* Begin PBXTargetDependency section */
		861766432E107EF7003152D0 /* PBXTargetDependency */ = {
			isa = PBXTargetDependency;
			target = 8617663F2E107EF7003152D0 /* ivBlock Extension (iOS) */;
			targetProxy = 861766422E107EF7003152D0 /* PBXContainerItemProxy */;
		};
		8617664D2E107EF7003152D0 /* PBXTargetDependency */ = {
			isa = PBXTargetDependency;
			target = 861766492E107EF7003152D0 /* ivBlock Extension (macOS) */;
			targetProxy = 8617664C2E107EF7003152D0 /* PBXContainerItemProxy */;
		};
/* End PBXTargetDependency section */

/* Begin PBXVariantGroup section */
		861766142E107EF6003152D0 /* Main.html */ = {
			isa = PBXVariantGroup;
			children = (
				861766152E107EF6003152D0 /* Base */,
			);
			name = Main.html;
			sourceTree = "<group>";
		};
		861766282E107EF7003152D0 /* LaunchScreen.storyboard */ = {
			isa = PBXVariantGroup;
			children = (
				861766292E107EF7003152D0 /* Base */,
			);
			name = LaunchScreen.storyboard;
			sourceTree = "<group>";
		};
		8617662B2E107EF7003152D0 /* Main.storyboard */ = {
			isa = PBXVariantGroup;
			children = (
				8617662C2E107EF7003152D0 /* Base */,
			);
			name = Main.storyboard;
			sourceTree = "<group>";
		};
		861766372E107EF7003152D0 /* Main.storyboard */ = {
			isa = PBXVariantGroup;
			children = (
				861766382E107EF7003152D0 /* Base */,
			);
			name = Main.storyboard;
			sourceTree = "<group>";
		};
/* End PBXVariantGroup section */

/* Begin XCBuildConfiguration section */
		8617665F2E107EF7003152D0 /* Debug */ = {
			isa = XCBuildConfiguration;
			buildSettings = {
				ALWAYS_SEARCH_USER_PATHS = NO;
				ASSETCATALOG_COMPILER_GENERATE_SWIFT_ASSET_SYMBOL_EXTENSIONS = YES;
				CLANG_ANALYZER_NONNULL = YES;
				CLANG_ANALYZER_NUMBER_OBJECT_CONVERSION = YES_AGGRESSIVE;
				CLANG_CXX_LANGUAGE_STANDARD = "gnu++20";
				CLANG_ENABLE_MODULES = YES;
				CLANG_ENABLE_OBJC_ARC = YES;
				CLANG_ENABLE_OBJC_WEAK = YES;
				CLANG_WARN_BLOCK_CAPTURE_AUTORELEASING = YES;
				CLANG_WARN_BOOL_CONVERSION = YES;
				CLANG_WARN_COMMA = YES;
				CLANG_WARN_CONSTANT_CONVERSION = YES;
				CLANG_WARN_DEPRECATED_OBJC_IMPLEMENTATIONS = YES;
				CLANG_WARN_DIRECT_OBJC_ISA_USAGE = YES_ERROR;
				CLANG_WARN_DOCUMENTATION_COMMENTS = YES;
				CLANG_WARN_EMPTY_BODY = YES;
				CLANG_WARN_ENUM_CONVERSION = YES;
				CLANG_WARN_INFINITE_RECURSION = YES;
				CLANG_WARN_INT_CONVERSION = YES;
				CLANG_WARN_NON_LITERAL_NULL_CONVERSION = YES;
				CLANG_WARN_OBJC_IMPLICIT_RETAIN_SELF = YES;
				CLANG_WARN_OBJC_LITERAL_CONVERSION = YES;
				CLANG_WARN_OBJC_ROOT_CLASS = YES_ERROR;
				CLANG_WARN_QUOTED_INCLUDE_IN_FRAMEWORK_HEADER = YES;
				CLANG_WARN_RANGE_LOOP_ANALYSIS = YES;
				CLANG_WARN_STRICT_PROTOTYPES = YES;
				CLANG_WARN_SUSPICIOUS_MOVE = YES;
				CLANG_WARN_UNGUARDED_AVAILABILITY = YES_AGGRESSIVE;
				CLANG_WARN_UNREACHABLE_CODE = YES;
				CLANG_WARN__DUPLICATE_METHOD_MATCH = YES;
				COPY_PHASE_STRIP = NO;
				DEBUG_INFORMATION_FORMAT = dwarf;
				ENABLE_STRICT_OBJC_MSGSEND = YES;
				ENABLE_TESTABILITY = YES;
				ENABLE_USER_SCRIPT_SANDBOXING = YES;
				GCC_C_LANGUAGE_STANDARD = gnu17;
				GCC_DYNAMIC_NO_PIC = NO;
				GCC_NO_COMMON_BLOCKS = YES;
				GCC_OPTIMIZATION_LEVEL = 0;
				GCC_PREPROCESSOR_DEFINITIONS = (
					"DEBUG=1",
					"$(inherited)",
				);
				GCC_WARN_64_TO_32_BIT_CONVERSION = YES;
				GCC_WARN_ABOUT_RETURN_TYPE = YES_ERROR;
				GCC_WARN_UNDECLARED_SELECTOR = YES;
				GCC_WARN_UNINITIALIZED_AUTOS = YES_AGGRESSIVE;
				GCC_WARN_UNUSED_FUNCTION = YES;
				GCC_WARN_UNUSED_VARIABLE = YES;
				LOCALIZATION_PREFERS_STRING_CATALOGS = YES;
				MTL_ENABLE_DEBUG_INFO = INCLUDE_SOURCE;
				MTL_FAST_MATH = YES;
				ONLY_ACTIVE_ARCH = YES;
				SWIFT_ACTIVE_COMPILATION_CONDITIONS = "DEBUG $(inherited)";
				SWIFT_OPTIMIZATION_LEVEL = "-Onone";
			};
			name = Debug;
		};
		861766602E107EF7003152D0 /* Release */ = {
			isa = XCBuildConfiguration;
			buildSettings = {
				ALWAYS_SEARCH_USER_PATHS = NO;
				ASSETCATALOG_COMPILER_GENERATE_SWIFT_ASSET_SYMBOL_EXTENSIONS = YES;
				CLANG_ANALYZER_NONNULL = YES;
				CLANG_ANALYZER_NUMBER_OBJECT_CONVERSION = YES_AGGRESSIVE;
				CLANG_CXX_LANGUAGE_STANDARD = "gnu++20";
				CLANG_ENABLE_MODULES = YES;
				CLANG_ENABLE_OBJC_ARC = YES;
				CLANG_ENABLE_OBJC_WEAK = YES;
				CLANG_WARN_BLOCK_CAPTURE_AUTORELEASING = YES;
				CLANG_WARN_BOOL_CONVERSION = YES;
				CLANG_WARN_COMMA = YES;
				CLANG_WARN_CONSTANT_CONVERSION = YES;
				CLANG_WARN_DEPRECATED_OBJC_IMPLEMENTATIONS = YES;
				CLANG_WARN_DIRECT_OBJC_ISA_USAGE = YES_ERROR;
				CLANG_WARN_DOCUMENTATION_COMMENTS = YES;
				CLANG_WARN_EMPTY_BODY = YES;
				CLANG_WARN_ENUM_CONVERSION = YES;
				CLANG_WARN_INFINITE_RECURSION = YES;
				CLANG_WARN_INT_CONVERSION = YES;
				CLANG_WARN_NON_LITERAL_NULL_CONVERSION = YES;
				CLANG_WARN_OBJC_IMPLICIT_RETAIN_SELF = YES;
				CLANG_WARN_OBJC_LITERAL_CONVERSION = YES;
				CLANG_WARN_OBJC_ROOT_CLASS = YES_ERROR;
				CLANG_WARN_QUOTED_INCLUDE_IN_FRAMEWORK_HEADER = YES;
				CLANG_WARN_RANGE_LOOP_ANALYSIS = YES;
				CLANG_WARN_STRICT_PROTOTYPES = YES;
				CLANG_WARN_SUSPICIOUS_MOVE = YES;
				CLANG_WARN_UNGUARDED_AVAILABILITY = YES_AGGRESSIVE;
				CLANG_WARN_UNREACHABLE_CODE = YES;
				CLANG_WARN__DUPLICATE_METHOD_MATCH = YES;
				COPY_PHASE_STRIP = NO;
				DEBUG_INFORMATION_FORMAT = "dwarf-with-dsym";
				ENABLE_NS_ASSERTIONS = NO;
				ENABLE_STRICT_OBJC_MSGSEND = YES;
				ENABLE_USER_SCRIPT_SANDBOXING = YES;
				GCC_C_LANGUAGE_STANDARD = gnu17;
				GCC_NO_COMMON_BLOCKS = YES;
				GCC_WARN_64_TO_32_BIT_CONVERSION = YES;
				GCC_WARN_ABOUT_RETURN_TYPE = YES_ERROR;
				GCC_WARN_UNDECLARED_SELECTOR = YES;
				GCC_WARN_UNINITIALIZED_AUTOS = YES_AGGRESSIVE;
				GCC_WARN_UNUSED_FUNCTION = YES;
				GCC_WARN_UNUSED_VARIABLE = YES;
				LOCALIZATION_PREFERS_STRING_CATALOGS = YES;
				MTL_ENABLE_DEBUG_INFO = NO;
				MTL_FAST_MATH = YES;
				SWIFT_COMPILATION_MODE = wholemodule;
			};
			name = Release;
		};
		861766622E107EF7003152D0 /* Debug */ = {
			isa = XCBuildConfiguration;
			buildSettings = {
				CODE_SIGN_STYLE = Automatic;
				CURRENT_PROJECT_VERSION = 1;
				DEVELOPMENT_TEAM = 55G55963YD;
				GENERATE_INFOPLIST_FILE = YES;
				INFOPLIST_FILE = "iOS (Extension)/Info.plist";
				INFOPLIST_KEY_CFBundleDisplayName = "ivBlock Extension";
				INFOPLIST_KEY_NSHumanReadableCopyright = "";
				IPHONEOS_DEPLOYMENT_TARGET = 15.0;
				LD_RUNPATH_SEARCH_PATHS = (
					"$(inherited)",
					"@executable_path/Frameworks",
					"@executable_path/../../Frameworks",
				);
				MARKETING_VERSION = 1.0;
				OTHER_LDFLAGS = (
					"-framework",
					SafariServices,
				);
				PRODUCT_BUNDLE_IDENTIFIER = de.incuvolve.ivBlock.Extension;
				PRODUCT_NAME = "ivBlock Extension";
				SDKROOT = iphoneos;
				SKIP_INSTALL = YES;
				SWIFT_EMIT_LOC_STRINGS = YES;
				SWIFT_VERSION = 5.0;
				TARGETED_DEVICE_FAMILY = "1,2";
			};
			name = Debug;
		};
		861766632E107EF7003152D0 /* Release */ = {
			isa = XCBuildConfiguration;
			buildSettings = {
				CODE_SIGN_STYLE = Automatic;
				CURRENT_PROJECT_VERSION = 1;
				DEVELOPMENT_TEAM = 55G55963YD;
				GENERATE_INFOPLIST_FILE = YES;
				INFOPLIST_FILE = "iOS (Extension)/Info.plist";
				INFOPLIST_KEY_CFBundleDisplayName = "ivBlock Extension";
				INFOPLIST_KEY_NSHumanReadableCopyright = "";
				IPHONEOS_DEPLOYMENT_TARGET = 15.0;
				LD_RUNPATH_SEARCH_PATHS = (
					"$(inherited)",
					"@executable_path/Frameworks",
					"@executable_path/../../Frameworks",
				);
				MARKETING_VERSION = 1.0;
				OTHER_LDFLAGS = (
					"-framework",
					SafariServices,
				);
				PRODUCT_BUNDLE_IDENTIFIER = de.incuvolve.ivBlock.Extension;
				PRODUCT_NAME = "ivBlock Extension";
				SDKROOT = iphoneos;
				SKIP_INSTALL = YES;
				SWIFT_EMIT_LOC_STRINGS = YES;
				SWIFT_VERSION = 5.0;
				TARGETED_DEVICE_FAMILY = "1,2";
				VALIDATE_PRODUCT = YES;
			};
			name = Release;
		};
		861766662E107EF7003152D0 /* Debug */ = {
			isa = XCBuildConfiguration;
			buildSettings = {
				ASSETCATALOG_COMPILER_APPICON_NAME = AppIcon;
				ASSETCATALOG_COMPILER_GLOBAL_ACCENT_COLOR_NAME = AccentColor;
				CODE_SIGN_STYLE = Automatic;
				CURRENT_PROJECT_VERSION = 1;
				DEVELOPMENT_TEAM = 55G55963YD;
				GENERATE_INFOPLIST_FILE = YES;
				INFOPLIST_FILE = "iOS (App)/Info.plist";
				INFOPLIST_KEY_CFBundleDisplayName = ivBlock;
				INFOPLIST_KEY_UIApplicationSupportsIndirectInputEvents = YES;
				INFOPLIST_KEY_UILaunchStoryboardName = LaunchScreen;
				INFOPLIST_KEY_UIMainStoryboardFile = Main;
				INFOPLIST_KEY_UISupportedInterfaceOrientations = "UIInterfaceOrientationPortrait UIInterfaceOrientationLandscapeLeft UIInterfaceOrientationLandscapeRight";
				INFOPLIST_KEY_UISupportedInterfaceOrientations_iPad = "UIInterfaceOrientationPortrait UIInterfaceOrientationPortraitUpsideDown UIInterfaceOrientationLandscapeLeft UIInterfaceOrientationLandscapeRight";
				IPHONEOS_DEPLOYMENT_TARGET = 15.0;
				LD_RUNPATH_SEARCH_PATHS = (
					"$(inherited)",
					"@executable_path/Frameworks",
				);
				MARKETING_VERSION = 1.0;
				OTHER_LDFLAGS = (
					"-framework",
					SafariServices,
					"-framework",
					WebKit,
				);
				PRODUCT_BUNDLE_IDENTIFIER = de.incuvolve.ivBlock;
				PRODUCT_NAME = ivBlock;
				SDKROOT = iphoneos;
				SWIFT_EMIT_LOC_STRINGS = YES;
				SWIFT_VERSION = 5.0;
				TARGETED_DEVICE_FAMILY = "1,2";
			};
			name = Debug;
		};
		861766672E107EF7003152D0 /* Release */ = {
			isa = XCBuildConfiguration;
			buildSettings = {
				ASSETCATALOG_COMPILER_APPICON_NAME = AppIcon;
				ASSETCATALOG_COMPILER_GLOBAL_ACCENT_COLOR_NAME = AccentColor;
				CODE_SIGN_STYLE = Automatic;
				CURRENT_PROJECT_VERSION = 1;
				DEVELOPMENT_TEAM = 55G55963YD;
				GENERATE_INFOPLIST_FILE = YES;
				INFOPLIST_FILE = "iOS (App)/Info.plist";
				INFOPLIST_KEY_CFBundleDisplayName = ivBlock;
				INFOPLIST_KEY_UIApplicationSupportsIndirectInputEvents = YES;
				INFOPLIST_KEY_UILaunchStoryboardName = LaunchScreen;
				INFOPLIST_KEY_UIMainStoryboardFile = Main;
				INFOPLIST_KEY_UISupportedInterfaceOrientations = "UIInterfaceOrientationPortrait UIInterfaceOrientationLandscapeLeft UIInterfaceOrientationLandscapeRight";
				INFOPLIST_KEY_UISupportedInterfaceOrientations_iPad = "UIInterfaceOrientationPortrait UIInterfaceOrientationPortraitUpsideDown UIInterfaceOrientationLandscapeLeft UIInterfaceOrientationLandscapeRight";
				IPHONEOS_DEPLOYMENT_TARGET = 15.0;
				LD_RUNPATH_SEARCH_PATHS = (
					"$(inherited)",
					"@executable_path/Frameworks",
				);
				MARKETING_VERSION = 1.0;
				OTHER_LDFLAGS = (
					"-framework",
					SafariServices,
					"-framework",
					WebKit,
				);
				PRODUCT_BUNDLE_IDENTIFIER = de.incuvolve.ivBlock;
				PRODUCT_NAME = ivBlock;
				SDKROOT = iphoneos;
				SWIFT_EMIT_LOC_STRINGS = YES;
				SWIFT_VERSION = 5.0;
				TARGETED_DEVICE_FAMILY = "1,2";
				VALIDATE_PRODUCT = YES;
			};
			name = Release;
		};
		861766692E107EF7003152D0 /* Debug */ = {
			isa = XCBuildConfiguration;
			buildSettings = {
				CODE_SIGN_ENTITLEMENTS = "macOS (Extension)/ivBlock.entitlements";
				CODE_SIGN_STYLE = Automatic;
				CURRENT_PROJECT_VERSION = 1;
				ENABLE_HARDENED_RUNTIME = YES;
				GENERATE_INFOPLIST_FILE = YES;
				INFOPLIST_FILE = "macOS (Extension)/Info.plist";
				INFOPLIST_KEY_CFBundleDisplayName = "ivBlock Extension";
				INFOPLIST_KEY_NSHumanReadableCopyright = "";
				LD_RUNPATH_SEARCH_PATHS = (
					"$(inherited)",
					"@executable_path/../Frameworks",
					"@executable_path/../../../../Frameworks",
				);
				MACOSX_DEPLOYMENT_TARGET = 10.14;
				MARKETING_VERSION = 1.0;
				OTHER_LDFLAGS = (
					"-framework",
					SafariServices,
				);
				PRODUCT_BUNDLE_IDENTIFIER = de.incuvolve.ivBlock.Extension;
				PRODUCT_NAME = "ivBlock Extension";
				SDKROOT = macosx;
				SKIP_INSTALL = YES;
				SWIFT_EMIT_LOC_STRINGS = YES;
				SWIFT_VERSION = 5.0;
			};
			name = Debug;
		};
		8617666A2E107EF7003152D0 /* Release */ = {
			isa = XCBuildConfiguration;
			buildSettings = {
				CODE_SIGN_ENTITLEMENTS = "macOS (Extension)/ivBlock.entitlements";
				CODE_SIGN_STYLE = Automatic;
				CURRENT_PROJECT_VERSION = 1;
				ENABLE_HARDENED_RUNTIME = YES;
				GENERATE_INFOPLIST_FILE = YES;
				INFOPLIST_FILE = "macOS (Extension)/Info.plist";
				INFOPLIST_KEY_CFBundleDisplayName = "ivBlock Extension";
				INFOPLIST_KEY_NSHumanReadableCopyright = "";
				LD_RUNPATH_SEARCH_PATHS = (
					"$(inherited)",
					"@executable_path/../Frameworks",
					"@executable_path/../../../../Frameworks",
				);
				MACOSX_DEPLOYMENT_TARGET = 10.14;
				MARKETING_VERSION = 1.0;
				OTHER_LDFLAGS = (
					"-framework",
					SafariServices,
				);
				PRODUCT_BUNDLE_IDENTIFIER = de.incuvolve.ivBlock.Extension;
				PRODUCT_NAME = "ivBlock Extension";
				SDKROOT = macosx;
				SKIP_INSTALL = YES;
				SWIFT_EMIT_LOC_STRINGS = YES;
				SWIFT_VERSION = 5.0;
			};
			name = Release;
		};
		8617666D2E107EF7003152D0 /* Debug */ = {
			isa = XCBuildConfiguration;
			buildSettings = {
				ASSETCATALOG_COMPILER_APPICON_NAME = AppIcon;
				ASSETCATALOG_COMPILER_GLOBAL_ACCENT_COLOR_NAME = AccentColor;
				CODE_SIGN_ENTITLEMENTS = "macOS (App)/ivBlock.entitlements";
				CODE_SIGN_STYLE = Automatic;
				CURRENT_PROJECT_VERSION = 1;
				ENABLE_HARDENED_RUNTIME = YES;
				GENERATE_INFOPLIST_FILE = YES;
				INFOPLIST_FILE = "macOS (App)/Info.plist";
				INFOPLIST_KEY_CFBundleDisplayName = ivBlock;
				INFOPLIST_KEY_NSMainStoryboardFile = Main;
				INFOPLIST_KEY_NSPrincipalClass = NSApplication;
				LD_RUNPATH_SEARCH_PATHS = (
					"$(inherited)",
					"@executable_path/../Frameworks",
				);
				MACOSX_DEPLOYMENT_TARGET = 10.14;
				MARKETING_VERSION = 1.0;
				OTHER_LDFLAGS = (
					"-framework",
					SafariServices,
					"-framework",
					WebKit,
				);
				PRODUCT_BUNDLE_IDENTIFIER = de.incuvolve.ivBlock;
				PRODUCT_NAME = ivBlock;
				REGISTER_APP_GROUPS = YES;
				SDKROOT = macosx;
				SWIFT_EMIT_LOC_STRINGS = YES;
				SWIFT_VERSION = 5.0;
			};
			name = Debug;
		};
		8617666E2E107EF7003152D0 /* Release */ = {
			isa = XCBuildConfiguration;
			buildSettings = {
				ASSETCATALOG_COMPILER_APPICON_NAME = AppIcon;
				ASSETCATALOG_COMPILER_GLOBAL_ACCENT_COLOR_NAME = AccentColor;
				CODE_SIGN_ENTITLEMENTS = "macOS (App)/ivBlock.entitlements";
				CODE_SIGN_STYLE = Automatic;
				CURRENT_PROJECT_VERSION = 1;
				ENABLE_HARDENED_RUNTIME = YES;
				GENERATE_INFOPLIST_FILE = YES;
				INFOPLIST_FILE = "macOS (App)/Info.plist";
				INFOPLIST_KEY_CFBundleDisplayName = ivBlock;
				INFOPLIST_KEY_NSMainStoryboardFile = Main;
				INFOPLIST_KEY_NSPrincipalClass = NSApplication;
				LD_RUNPATH_SEARCH_PATHS = (
					"$(inherited)",
					"@executable_path/../Frameworks",
				);
				MACOSX_DEPLOYMENT_TARGET = 10.14;
				MARKETING_VERSION = 1.0;
				OTHER_LDFLAGS = (
					"-framework",
					SafariServices,
					"-framework",
					WebKit,
				);
				PRODUCT_BUNDLE_IDENTIFIER = de.incuvolve.ivBlock;
				PRODUCT_NAME = ivBlock;
				REGISTER_APP_GROUPS = YES;
				SDKROOT = macosx;
				SWIFT_EMIT_LOC_STRINGS = YES;
				SWIFT_VERSION = 5.0;
			};
			name = Release;
		};
/* End XCBuildConfiguration section */

/* Begin XCConfigurationList section */
		861766112E107EF6003152D0 /* Build configuration list for PBXProject "ivBlock" */ = {
			isa = XCConfigurationList;
			buildConfigurations = (
				8617665F2E107EF7003152D0 /* Debug */,
				861766602E107EF7003152D0 /* Release */,
			);
			defaultConfigurationIsVisible = 0;
			defaultConfigurationName = Release;
		};
		861766612E107EF7003152D0 /* Build configuration list for PBXNativeTarget "ivBlock Extension (iOS)" */ = {
			isa = XCConfigurationList;
			buildConfigurations = (
				861766622E107EF7003152D0 /* Debug */,
				861766632E107EF7003152D0 /* Release */,
			);
			defaultConfigurationIsVisible = 0;
			defaultConfigurationName = Release;
		};
		861766652E107EF7003152D0 /* Build configuration list for PBXNativeTarget "ivBlock (iOS)" */ = {
			isa = XCConfigurationList;
			buildConfigurations = (
				861766662E107EF7003152D0 /* Debug */,
				861766672E107EF7003152D0 /* Release */,
			);
			defaultConfigurationIsVisible = 0;
			defaultConfigurationName = Release;
		};
		861766682E107EF7003152D0 /* Build configuration list for PBXNativeTarget "ivBlock Extension (macOS)" */ = {
			isa = XCConfigurationList;
			buildConfigurations = (
				861766692E107EF7003152D0 /* Debug */,
				8617666A2E107EF7003152D0 /* Release */,
			);
			defaultConfigurationIsVisible = 0;
			defaultConfigurationName = Release;
		};
		8617666C2E107EF7003152D0 /* Build configuration list for PBXNativeTarget "ivBlock (macOS)" */ = {
			isa = XCConfigurationList;
			buildConfigurations = (
				8617666D2E107EF7003152D0 /* Debug */,
				8617666E2E107EF7003152D0 /* Release */,
			);
			defaultConfigurationIsVisible = 0;
			defaultConfigurationName = Release;
		};
/* End XCConfigurationList section */
	};
	rootObject = 8617660E2E107EF6003152D0 /* Project object */;
}
