// !$*UTF8*$!
{
	archiveVersion = 1;
	classes = {
	};
	objectVersion = 77;
	objects = {

/* Begin PBXBuildFile section */
		863FC97A2ECD2BD30017989D /* buttons.css in Resources */ = {isa = PBXBuildFile; fileRef = 863FC9792ECD2BD30017989D /* buttons.css */; };
		863FC97B2ECD2BD30017989D /* buttons.css in Resources */ = {isa = PBXBuildFile; fileRef = 863FC9792ECD2BD30017989D /* buttons.css */; };
		867FBBB62E1B31630090CAFD /* AppDelegate.swift in Sources */ = {isa = PBXBuildFile; fileRef = 867FBBB52E1B31630090CAFD /* AppDelegate.swift */; };
		867FBBB82E1B31630090CAFD /* SceneDelegate.swift in Sources */ = {isa = PBXBuildFile; fileRef = 867FBBB72E1B31630090CAFD /* SceneDelegate.swift */; };
		867FBBBB2E1B31630090CAFD /* LaunchScreen.storyboard in Resources */ = {isa = PBXBuildFile; fileRef = 867FBBB92E1B31630090CAFD /* LaunchScreen.storyboard */; };
		867FBBBE2E1B31630090CAFD /* Main.storyboard in Resources */ = {isa = PBXBuildFile; fileRef = 867FBBBC2E1B31630090CAFD /* Main.storyboard */; };
		867FBBC72E1B31640090CAFD /* AppDelegate.swift in Sources */ = {isa = PBXBuildFile; fileRef = 867FBBC62E1B31640090CAFD /* AppDelegate.swift */; };
		867FBBCA2E1B31640090CAFD /* Main.storyboard in Resources */ = {isa = PBXBuildFile; fileRef = 867FBBC82E1B31640090CAFD /* Main.storyboard */; };
		867FBBD22E1B31640090CAFD /* ivBlock Extension.appex in Embed Foundation Extensions */ = {isa = PBXBuildFile; fileRef = 867FBBD12E1B31640090CAFD /* ivBlock Extension.appex */; settings = {ATTRIBUTES = (RemoveHeadersOnCopy, ); }; };
		867FBBDC2E1B31640090CAFD /* ivBlock Extension.appex in Embed Foundation Extensions */ = {isa = PBXBuildFile; fileRef = 867FBBDB2E1B31640090CAFD /* ivBlock Extension.appex */; settings = {ATTRIBUTES = (RemoveHeadersOnCopy, ); }; };
		867FBBE22E1B31640090CAFD /* Main.html in Resources */ = {isa = PBXBuildFile; fileRef = 867FBBA52E1B31620090CAFD /* Main.html */; };
		867FBBE32E1B31640090CAFD /* Main.html in Resources */ = {isa = PBXBuildFile; fileRef = 867FBBA52E1B31620090CAFD /* Main.html */; };
		867FBBE42E1B31640090CAFD /* Icon.png in Resources */ = {isa = PBXBuildFile; fileRef = 867FBBA72E1B31620090CAFD /* Icon.png */; };
		867FBBE52E1B31640090CAFD /* Icon.png in Resources */ = {isa = PBXBuildFile; fileRef = 867FBBA72E1B31620090CAFD /* Icon.png */; };
		867FBBE62E1B31640090CAFD /* Style.css in Resources */ = {isa = PBXBuildFile; fileRef = 867FBBA82E1B31620090CAFD /* Style.css */; };
		867FBBE72E1B31640090CAFD /* Style.css in Resources */ = {isa = PBXBuildFile; fileRef = 867FBBA82E1B31620090CAFD /* Style.css */; };
		867FBBE82E1B31640090CAFD /* Script.js in Resources */ = {isa = PBXBuildFile; fileRef = 867FBBA92E1B31620090CAFD /* Script.js */; };
		867FBBE92E1B31640090CAFD /* Script.js in Resources */ = {isa = PBXBuildFile; fileRef = 867FBBA92E1B31620090CAFD /* Script.js */; };
		867FBBEA2E1B31640090CAFD /* ViewController.swift in Sources */ = {isa = PBXBuildFile; fileRef = 867FBBAA2E1B31620090CAFD /* ViewController.swift */; };
		867FBBEB2E1B31640090CAFD /* ViewController.swift in Sources */ = {isa = PBXBuildFile; fileRef = 867FBBAA2E1B31620090CAFD /* ViewController.swift */; };
		867FBBEC2E1B31640090CAFD /* Assets.xcassets in Resources */ = {isa = PBXBuildFile; fileRef = 867FBBAB2E1B31630090CAFD /* Assets.xcassets */; };
		867FBBED2E1B31640090CAFD /* Assets.xcassets in Resources */ = {isa = PBXBuildFile; fileRef = 867FBBAB2E1B31630090CAFD /* Assets.xcassets */; };
		867FBBEE2E1B31640090CAFD /* SafariWebExtensionHandler.swift in Sources */ = {isa = PBXBuildFile; fileRef = 867FBBAD2E1B31630090CAFD /* SafariWebExtensionHandler.swift */; };
		867FBBEF2E1B31640090CAFD /* SafariWebExtensionHandler.swift in Sources */ = {isa = PBXBuildFile; fileRef = 867FBBAD2E1B31630090CAFD /* SafariWebExtensionHandler.swift */; };
		867FBC2B2E1B31640090CAFD /* delayed.html in Resources */ = {isa = PBXBuildFile; fileRef = 867FBC012E1B31640090CAFD /* delayed.html */; };
		867FBC2C2E1B31640090CAFD /* diagnostics.js in Resources */ = {isa = PBXBuildFile; fileRef = 867FBC022E1B31640090CAFD /* diagnostics.js */; };
		867FBC2F2E1B31640090CAFD /* stats.html in Resources */ = {isa = PBXBuildFile; fileRef = 867FBC052E1B31640090CAFD /* stats.html */; };
		867FBC302E1B31640090CAFD /* popup.js in Resources */ = {isa = PBXBuildFile; fileRef = 867FBC062E1B31640090CAFD /* popup.js */; };
		867FBC312E1B31640090CAFD /* add-sites.js in Resources */ = {isa = PBXBuildFile; fileRef = 867FBC072E1B31640090CAFD /* add-sites.js */; };
		867FBC322E1B31640090CAFD /* content.css in Resources */ = {isa = PBXBuildFile; fileRef = 867FBC082E1B31640090CAFD /* content.css */; };
		867FBC332E1B31640090CAFD /* LICENSE in Resources */ = {isa = PBXBuildFile; fileRef = 867FBC092E1B31640090CAFD /* LICENSE */; };
		867FBC342E1B31640090CAFD /* background.js in Resources */ = {isa = PBXBuildFile; fileRef = 867FBC0A2E1B31640090CAFD /* background.js */; };
		867FBC352E1B31640090CAFD /* images in Resources */ = {isa = PBXBuildFile; fileRef = 867FBC0B2E1B31640090CAFD /* images */; };
		867FBC362E1B31640090CAFD /* lockdown.html in Resources */ = {isa = PBXBuildFile; fileRef = 867FBC0C2E1B31640090CAFD /* lockdown.html */; };
		867FBC372E1B31640090CAFD /* popup.html in Resources */ = {isa = PBXBuildFile; fileRef = 867FBC0D2E1B31640090CAFD /* popup.html */; };
		867FBC392E1B31640090CAFD /* options.js in Resources */ = {isa = PBXBuildFile; fileRef = 867FBC0F2E1B31640090CAFD /* options.js */; };
		867FBC3B2E1B31640090CAFD /* blocked.js in Resources */ = {isa = PBXBuildFile; fileRef = 867FBC112E1B31640090CAFD /* blocked.js */; };
		867FBC3C2E1B31640090CAFD /* VERSIONS.md in Resources */ = {isa = PBXBuildFile; fileRef = 867FBC122E1B31640090CAFD /* VERSIONS.md */; };
		867FBC3D2E1B31640090CAFD /* add-sites.html in Resources */ = {isa = PBXBuildFile; fileRef = 867FBC132E1B31640090CAFD /* add-sites.html */; };
		867FBC3E2E1B31640090CAFD /* README.md in Resources */ = {isa = PBXBuildFile; fileRef = 867FBC142E1B31640090CAFD /* README.md */; };
		867FBC3F2E1B31640090CAFD /* override.html in Resources */ = {isa = PBXBuildFile; fileRef = 867FBC152E1B31640090CAFD /* override.html */; };
		867FBC402E1B31640090CAFD /* diagnostics.html in Resources */ = {isa = PBXBuildFile; fileRef = 867FBC162E1B31640090CAFD /* diagnostics.html */; };
		867FBC412E1B31640090CAFD /* override.js in Resources */ = {isa = PBXBuildFile; fileRef = 867FBC172E1B31640090CAFD /* override.js */; };
		867FBC422E1B31640090CAFD /* icons in Resources */ = {isa = PBXBuildFile; fileRef = 867FBC182E1B31640090CAFD /* icons */; };
		867FBC432E1B31640090CAFD /* style.css in Resources */ = {isa = PBXBuildFile; fileRef = 867FBC192E1B31640090CAFD /* style.css */; };
		867FBC442E1B31640090CAFD /* manifest.json in Resources */ = {isa = PBXBuildFile; fileRef = 867FBC1A2E1B31640090CAFD /* manifest.json */; };
		867FBC452E1B31640090CAFD /* lockdown.js in Resources */ = {isa = PBXBuildFile; fileRef = 867FBC1B2E1B31640090CAFD /* lockdown.js */; };
		867FBC462E1B31640090CAFD /* de in Resources */ = {isa = PBXBuildFile; fileRef = 867FBC1C2E1B31640090CAFD /* de */; };
		867FBC472E1B31640090CAFD /* options.html in Resources */ = {isa = PBXBuildFile; fileRef = 867FBC1D2E1B31640090CAFD /* options.html */; };
		867FBC482E1B31640090CAFD /* common.js in Resources */ = {isa = PBXBuildFile; fileRef = 867FBC1E2E1B31640090CAFD /* common.js */; };
		867FBC492E1B31640090CAFD /* popup.css in Resources */ = {isa = PBXBuildFile; fileRef = 867FBC1F2E1B31640090CAFD /* popup.css */; };
		867FBC4A2E1B31640090CAFD /* _locales in Resources */ = {isa = PBXBuildFile; fileRef = 867FBC202E1B31640090CAFD /* _locales */; };
		867FBC4B2E1B31640090CAFD /* content.js in Resources */ = {isa = PBXBuildFile; fileRef = 867FBC212E1B31640090CAFD /* content.js */; };
		867FBC4D2E1B31640090CAFD /* fonts.css in Resources */ = {isa = PBXBuildFile; fileRef = 867FBC232E1B31640090CAFD /* fonts.css */; };
		867FBC4E2E1B31640090CAFD /* fonts in Resources */ = {isa = PBXBuildFile; fileRef = 867FBC242E1B31640090CAFD /* fonts */; };
		867FBC4F2E1B31640090CAFD /* blocked.html in Resources */ = {isa = PBXBuildFile; fileRef = 867FBC252E1B31640090CAFD /* blocked.html */; };
		867FBC502E1B31640090CAFD /* themes in Resources */ = {isa = PBXBuildFile; fileRef = 867FBC262E1B31640090CAFD /* themes */; };
		867FBC512E1B31640090CAFD /* options.css in Resources */ = {isa = PBXBuildFile; fileRef = 867FBC272E1B31640090CAFD /* options.css */; };
		867FBC522E1B31640090CAFD /* stats.js in Resources */ = {isa = PBXBuildFile; fileRef = 867FBC282E1B31640090CAFD /* stats.js */; };
		867FBC532E1B31640090CAFD /* jquery-ui in Resources */ = {isa = PBXBuildFile; fileRef = 867FBC292E1B31640090CAFD /* jquery-ui */; };
		867FBC542E1B31640090CAFD /* password.html in Resources */ = {isa = PBXBuildFile; fileRef = 867FBC2A2E1B31640090CAFD /* password.html */; };
		867FBC552E1B31640090CAFD /* delayed.html in Resources */ = {isa = PBXBuildFile; fileRef = 867FBC012E1B31640090CAFD /* delayed.html */; };
		867FBC562E1B31640090CAFD /* diagnostics.js in Resources */ = {isa = PBXBuildFile; fileRef = 867FBC022E1B31640090CAFD /* diagnostics.js */; };
		867FBC592E1B31640090CAFD /* stats.html in Resources */ = {isa = PBXBuildFile; fileRef = 867FBC052E1B31640090CAFD /* stats.html */; };
		867FBC5A2E1B31640090CAFD /* popup.js in Resources */ = {isa = PBXBuildFile; fileRef = 867FBC062E1B31640090CAFD /* popup.js */; };
		867FBC5B2E1B31640090CAFD /* add-sites.js in Resources */ = {isa = PBXBuildFile; fileRef = 867FBC072E1B31640090CAFD /* add-sites.js */; };
		867FBC5C2E1B31640090CAFD /* content.css in Resources */ = {isa = PBXBuildFile; fileRef = 867FBC082E1B31640090CAFD /* content.css */; };
		867FBC5D2E1B31640090CAFD /* LICENSE in Resources */ = {isa = PBXBuildFile; fileRef = 867FBC092E1B31640090CAFD /* LICENSE */; };
		867FBC5E2E1B31640090CAFD /* background.js in Resources */ = {isa = PBXBuildFile; fileRef = 867FBC0A2E1B31640090CAFD /* background.js */; };
		867FBC5F2E1B31640090CAFD /* images in Resources */ = {isa = PBXBuildFile; fileRef = 867FBC0B2E1B31640090CAFD /* images */; };
		867FBC602E1B31640090CAFD /* lockdown.html in Resources */ = {isa = PBXBuildFile; fileRef = 867FBC0C2E1B31640090CAFD /* lockdown.html */; };
		867FBC612E1B31640090CAFD /* popup.html in Resources */ = {isa = PBXBuildFile; fileRef = 867FBC0D2E1B31640090CAFD /* popup.html */; };
		867FBC632E1B31640090CAFD /* options.js in Resources */ = {isa = PBXBuildFile; fileRef = 867FBC0F2E1B31640090CAFD /* options.js */; };
		867FBC652E1B31640090CAFD /* blocked.js in Resources */ = {isa = PBXBuildFile; fileRef = 867FBC112E1B31640090CAFD /* blocked.js */; };
		867FBC662E1B31640090CAFD /* VERSIONS.md in Resources */ = {isa = PBXBuildFile; fileRef = 867FBC122E1B31640090CAFD /* VERSIONS.md */; };
		867FBC672E1B31640090CAFD /* add-sites.html in Resources */ = {isa = PBXBuildFile; fileRef = 867FBC132E1B31640090CAFD /* add-sites.html */; };
		867FBC682E1B31640090CAFD /* README.md in Resources */ = {isa = PBXBuildFile; fileRef = 867FBC142E1B31640090CAFD /* README.md */; };
		867FBC692E1B31640090CAFD /* override.html in Resources */ = {isa = PBXBuildFile; fileRef = 867FBC152E1B31640090CAFD /* override.html */; };
		867FBC6A2E1B31640090CAFD /* diagnostics.html in Resources */ = {isa = PBXBuildFile; fileRef = 867FBC162E1B31640090CAFD /* diagnostics.html */; };
		867FBC6B2E1B31640090CAFD /* override.js in Resources */ = {isa = PBXBuildFile; fileRef = 867FBC172E1B31640090CAFD /* override.js */; };
		867FBC6C2E1B31640090CAFD /* icons in Resources */ = {isa = PBXBuildFile; fileRef = 867FBC182E1B31640090CAFD /* icons */; };
		867FBC6D2E1B31640090CAFD /* style.css in Resources */ = {isa = PBXBuildFile; fileRef = 867FBC192E1B31640090CAFD /* style.css */; };
		867FBC6E2E1B31640090CAFD /* manifest.json in Resources */ = {isa = PBXBuildFile; fileRef = 867FBC1A2E1B31640090CAFD /* manifest.json */; };
		867FBC6F2E1B31640090CAFD /* lockdown.js in Resources */ = {isa = PBXBuildFile; fileRef = 867FBC1B2E1B31640090CAFD /* lockdown.js */; };
		867FBC702E1B31640090CAFD /* de in Resources */ = {isa = PBXBuildFile; fileRef = 867FBC1C2E1B31640090CAFD /* de */; };
		867FBC712E1B31640090CAFD /* options.html in Resources */ = {isa = PBXBuildFile; fileRef = 867FBC1D2E1B31640090CAFD /* options.html */; };
		867FBC722E1B31640090CAFD /* common.js in Resources */ = {isa = PBXBuildFile; fileRef = 867FBC1E2E1B31640090CAFD /* common.js */; };
		867FBC732E1B31640090CAFD /* popup.css in Resources */ = {isa = PBXBuildFile; fileRef = 867FBC1F2E1B31640090CAFD /* popup.css */; };
		867FBC742E1B31640090CAFD /* _locales in Resources */ = {isa = PBXBuildFile; fileRef = 867FBC202E1B31640090CAFD /* _locales */; };
		867FBC752E1B31640090CAFD /* content.js in Resources */ = {isa = PBXBuildFile; fileRef = 867FBC212E1B31640090CAFD /* content.js */; };
		867FBC772E1B31640090CAFD /* fonts.css in Resources */ = {isa = PBXBuildFile; fileRef = 867FBC232E1B31640090CAFD /* fonts.css */; };
		867FBC782E1B31640090CAFD /* fonts in Resources */ = {isa = PBXBuildFile; fileRef = 867FBC242E1B31640090CAFD /* fonts */; };
		867FBC792E1B31640090CAFD /* blocked.html in Resources */ = {isa = PBXBuildFile; fileRef = 867FBC252E1B31640090CAFD /* blocked.html */; };
		867FBC7A2E1B31640090CAFD /* themes in Resources */ = {isa = PBXBuildFile; fileRef = 867FBC262E1B31640090CAFD /* themes */; };
		867FBC7B2E1B31640090CAFD /* options.css in Resources */ = {isa = PBXBuildFile; fileRef = 867FBC272E1B31640090CAFD /* options.css */; };
		867FBC7C2E1B31640090CAFD /* stats.js in Resources */ = {isa = PBXBuildFile; fileRef = 867FBC282E1B31640090CAFD /* stats.js */; };
		867FBC7D2E1B31640090CAFD /* jquery-ui in Resources */ = {isa = PBXBuildFile; fileRef = 867FBC292E1B31640090CAFD /* jquery-ui */; };
		867FBC7E2E1B31640090CAFD /* password.html in Resources */ = {isa = PBXBuildFile; fileRef = 867FBC2A2E1B31640090CAFD /* password.html */; };
		86B3A1B62EBE5AE200431451 /* controls.css in Resources */ = {isa = PBXBuildFile; fileRef = 86B3A1B42EBE5AE200431451 /* controls.css */; };
		86B3A1B72EBE5AE200431451 /* override.css in Resources */ = {isa = PBXBuildFile; fileRef = 86B3A1B52EBE5AE200431451 /* override.css */; };
		86B3A1B82EBE5AE200431451 /* controls.css in Resources */ = {isa = PBXBuildFile; fileRef = 86B3A1B42EBE5AE200431451 /* controls.css */; };
		86B3A1B92EBE5AE200431451 /* override.css in Resources */ = {isa = PBXBuildFile; fileRef = 86B3A1B52EBE5AE200431451 /* override.css */; };
		86D246CD2EEB298800A96161 /* lockdown.css in Resources */ = {isa = PBXBuildFile; fileRef = 86D246CC2EEB298800A96161 /* lockdown.css */; };
		86D246CE2EEB298800A96161 /* lockdown.css in Resources */ = {isa = PBXBuildFile; fileRef = 86D246CC2EEB298800A96161 /* lockdown.css */; };
/* End PBXBuildFile section */

/* Begin PBXContainerItemProxy section */
		867FBBD32E1B31640090CAFD /* PBXContainerItemProxy */ = {
			isa = PBXContainerItemProxy;
			containerPortal = 867FBB9F2E1B31620090CAFD /* Project object */;
			proxyType = 1;
			remoteGlobalIDString = 867FBBD02E1B31640090CAFD;
			remoteInfo = "ivBlock Extension (iOS)";
		};
		867FBBDD2E1B31640090CAFD /* PBXContainerItemProxy */ = {
			isa = PBXContainerItemProxy;
			containerPortal = 867FBB9F2E1B31620090CAFD /* Project object */;
			proxyType = 1;
			remoteGlobalIDString = 867FBBDA2E1B31640090CAFD;
			remoteInfo = "ivBlock Extension (macOS)";
		};
/* End PBXContainerItemProxy section */

/* Begin PBXCopyFilesBuildPhase section */
		867FBBF52E1B31640090CAFD /* Embed Foundation Extensions */ = {
			isa = PBXCopyFilesBuildPhase;
			buildActionMask = 2147483647;
			dstPath = "";
			dstSubfolderSpec = 13;
			files = (
				867FBBD22E1B31640090CAFD /* ivBlock Extension.appex in Embed Foundation Extensions */,
			);
			name = "Embed Foundation Extensions";
			runOnlyForDeploymentPostprocessing = 0;
		};
		867FBBFC2E1B31640090CAFD /* Embed Foundation Extensions */ = {
			isa = PBXCopyFilesBuildPhase;
			buildActionMask = 2147483647;
			dstPath = "";
			dstSubfolderSpec = 13;
			files = (
				867FBBDC2E1B31640090CAFD /* ivBlock Extension.appex in Embed Foundation Extensions */,
			);
			name = "Embed Foundation Extensions";
			runOnlyForDeploymentPostprocessing = 0;
		};
/* End PBXCopyFilesBuildPhase section */

/* Begin PBXFileReference section */
		863FC9792ECD2BD30017989D /* buttons.css */ = {isa = PBXFileReference; lastKnownFileType = text.css; name = buttons.css; path = ivBlockCore/buttons.css; sourceTree = SOURCE_ROOT; };
		867FBBA62E1B31620090CAFD /* Base */ = {isa = PBXFileReference; lastKnownFileType = text.html; name = Base; path = Base.lproj/Main.html; sourceTree = "<group>"; };
		867FBBA72E1B31620090CAFD /* Icon.png */ = {isa = PBXFileReference; lastKnownFileType = image.png; path = Icon.png; sourceTree = "<group>"; };
		867FBBA82E1B31620090CAFD /* Style.css */ = {isa = PBXFileReference; lastKnownFileType = text.css; path = Style.css; sourceTree = "<group>"; };
		867FBBA92E1B31620090CAFD /* Script.js */ = {isa = PBXFileReference; lastKnownFileType = sourcecode.javascript; path = Script.js; sourceTree = "<group>"; };
		867FBBAA2E1B31620090CAFD /* ViewController.swift */ = {isa = PBXFileReference; lastKnownFileType = sourcecode.swift; path = ViewController.swift; sourceTree = "<group>"; };
		867FBBAB2E1B31630090CAFD /* Assets.xcassets */ = {isa = PBXFileReference; lastKnownFileType = folder.assetcatalog; path = Assets.xcassets; sourceTree = "<group>"; };
		867FBBAD2E1B31630090CAFD /* SafariWebExtensionHandler.swift */ = {isa = PBXFileReference; lastKnownFileType = sourcecode.swift; path = SafariWebExtensionHandler.swift; sourceTree = "<group>"; };
		867FBBB22E1B31630090CAFD /* ivBlock.app */ = {isa = PBXFileReference; explicitFileType = wrapper.application; includeInIndex = 0; path = ivBlock.app; sourceTree = BUILT_PRODUCTS_DIR; };
		867FBBB52E1B31630090CAFD /* AppDelegate.swift */ = {isa = PBXFileReference; lastKnownFileType = sourcecode.swift; path = AppDelegate.swift; sourceTree = "<group>"; };
		867FBBB72E1B31630090CAFD /* SceneDelegate.swift */ = {isa = PBXFileReference; lastKnownFileType = sourcecode.swift; path = SceneDelegate.swift; sourceTree = "<group>"; };
		867FBBBA2E1B31630090CAFD /* Base */ = {isa = PBXFileReference; lastKnownFileType = file.storyboard; name = Base; path = Base.lproj/LaunchScreen.storyboard; sourceTree = "<group>"; };
		867FBBBD2E1B31630090CAFD /* Base */ = {isa = PBXFileReference; lastKnownFileType = file.storyboard; name = Base; path = Base.lproj/Main.storyboard; sourceTree = "<group>"; };
		867FBBBF2E1B31630090CAFD /* Info.plist */ = {isa = PBXFileReference; lastKnownFileType = text.plist.xml; path = Info.plist; sourceTree = "<group>"; };
		867FBBC42E1B31630090CAFD /* ivBlock.app */ = {isa = PBXFileReference; explicitFileType = wrapper.application; includeInIndex = 0; path = ivBlock.app; sourceTree = BUILT_PRODUCTS_DIR; };
		867FBBC62E1B31640090CAFD /* AppDelegate.swift */ = {isa = PBXFileReference; lastKnownFileType = sourcecode.swift; path = AppDelegate.swift; sourceTree = "<group>"; };
		867FBBC92E1B31640090CAFD /* Base */ = {isa = PBXFileReference; lastKnownFileType = file.storyboard; name = Base; path = Base.lproj/Main.storyboard; sourceTree = "<group>"; };
		867FBBCB2E1B31640090CAFD /* Info.plist */ = {isa = PBXFileReference; lastKnownFileType = text.plist.xml; path = Info.plist; sourceTree = "<group>"; };
		867FBBCC2E1B31640090CAFD /* ivBlock.entitlements */ = {isa = PBXFileReference; lastKnownFileType = text.plist.entitlements; path = ivBlock.entitlements; sourceTree = "<group>"; };
		867FBBD12E1B31640090CAFD /* ivBlock Extension.appex */ = {isa = PBXFileReference; explicitFileType = "wrapper.app-extension"; includeInIndex = 0; path = "ivBlock Extension.appex"; sourceTree = BUILT_PRODUCTS_DIR; };
		867FBBD62E1B31640090CAFD /* Info.plist */ = {isa = PBXFileReference; lastKnownFileType = text.plist.xml; path = Info.plist; sourceTree = "<group>"; };
		867FBBDB2E1B31640090CAFD /* ivBlock Extension.appex */ = {isa = PBXFileReference; explicitFileType = "wrapper.app-extension"; includeInIndex = 0; path = "ivBlock Extension.appex"; sourceTree = BUILT_PRODUCTS_DIR; };
		867FBBE02E1B31640090CAFD /* Info.plist */ = {isa = PBXFileReference; lastKnownFileType = text.plist.xml; path = Info.plist; sourceTree = "<group>"; };
		867FBBE12E1B31640090CAFD /* ivBlock.entitlements */ = {isa = PBXFileReference; lastKnownFileType = text.plist.entitlements; path = ivBlock.entitlements; sourceTree = "<group>"; };
		867FBC012E1B31640090CAFD /* delayed.html */ = {isa = PBXFileReference; lastKnownFileType = text.html; name = delayed.html; path = ../../ivBlock/ivBlockCore/delayed.html; sourceTree = "<group>"; };
		867FBC022E1B31640090CAFD /* diagnostics.js */ = {isa = PBXFileReference; lastKnownFileType = sourcecode.javascript; name = diagnostics.js; path = ../../ivBlock/ivBlockCore/diagnostics.js; sourceTree = "<group>"; };
		867FBC052E1B31640090CAFD /* stats.html */ = {isa = PBXFileReference; lastKnownFileType = text.html; name = stats.html; path = ../../ivBlock/ivBlockCore/stats.html; sourceTree = "<group>"; };
		867FBC062E1B31640090CAFD /* popup.js */ = {isa = PBXFileReference; lastKnownFileType = sourcecode.javascript; name = popup.js; path = ../../ivBlock/ivBlockCore/popup.js; sourceTree = "<group>"; };
		867FBC072E1B31640090CAFD /* add-sites.js */ = {isa = PBXFileReference; lastKnownFileType = sourcecode.javascript; name = "add-sites.js"; path = "../../ivBlock/ivBlockCore/add-sites.js"; sourceTree = "<group>"; };
		867FBC082E1B31640090CAFD /* content.css */ = {isa = PBXFileReference; lastKnownFileType = text.css; name = content.css; path = ../../ivBlock/ivBlockCore/content.css; sourceTree = "<group>"; };
		867FBC092E1B31640090CAFD /* LICENSE */ = {isa = PBXFileReference; lastKnownFileType = text; name = LICENSE; path = ../../ivBlock/ivBlockCore/LICENSE; sourceTree = "<group>"; };
		867FBC0A2E1B31640090CAFD /* background.js */ = {isa = PBXFileReference; lastKnownFileType = sourcecode.javascript; name = background.js; path = ../../ivBlock/ivBlockCore/background.js; sourceTree = "<group>"; };
		867FBC0B2E1B31640090CAFD /* images */ = {isa = PBXFileReference; lastKnownFileType = folder; name = images; path = ../../ivBlock/ivBlockCore/images; sourceTree = "<group>"; };
		867FBC0C2E1B31640090CAFD /* lockdown.html */ = {isa = PBXFileReference; lastKnownFileType = text.html; name = lockdown.html; path = ../../ivBlock/ivBlockCore/lockdown.html; sourceTree = "<group>"; };
		867FBC0D2E1B31640090CAFD /* popup.html */ = {isa = PBXFileReference; lastKnownFileType = text.html; name = popup.html; path = ../../ivBlock/ivBlockCore/popup.html; sourceTree = "<group>"; };
		867FBC0F2E1B31640090CAFD /* options.js */ = {isa = PBXFileReference; lastKnownFileType = sourcecode.javascript; name = options.js; path = ../../ivBlock/ivBlockCore/options.js; sourceTree = "<group>"; };
		867FBC112E1B31640090CAFD /* blocked.js */ = {isa = PBXFileReference; lastKnownFileType = sourcecode.javascript; name = blocked.js; path = ../../ivBlock/ivBlockCore/blocked.js; sourceTree = "<group>"; };
		867FBC122E1B31640090CAFD /* VERSIONS.md */ = {isa = PBXFileReference; lastKnownFileType = net.daringfireball.markdown; name = VERSIONS.md; path = ../../ivBlock/ivBlockCore/VERSIONS.md; sourceTree = "<group>"; };
		867FBC132E1B31640090CAFD /* add-sites.html */ = {isa = PBXFileReference; lastKnownFileType = text.html; name = "add-sites.html"; path = "../../ivBlock/ivBlockCore/add-sites.html"; sourceTree = "<group>"; };
		867FBC142E1B31640090CAFD /* README.md */ = {isa = PBXFileReference; lastKnownFileType = net.daringfireball.markdown; name = README.md; path = ../../ivBlock/ivBlockCore/README.md; sourceTree = "<group>"; };
		867FBC152E1B31640090CAFD /* override.html */ = {isa = PBXFileReference; lastKnownFileType = text.html; name = override.html; path = ../../ivBlock/ivBlockCore/override.html; sourceTree = "<group>"; };
		867FBC162E1B31640090CAFD /* diagnostics.html */ = {isa = PBXFileReference; lastKnownFileType = text.html; name = diagnostics.html; path = ../../ivBlock/ivBlockCore/diagnostics.html; sourceTree = "<group>"; };
		867FBC172E1B31640090CAFD /* override.js */ = {isa = PBXFileReference; lastKnownFileType = sourcecode.javascript; name = override.js; path = ../ivBlockCore/override.js; sourceTree = "<group>"; };
		867FBC182E1B31640090CAFD /* icons */ = {isa = PBXFileReference; lastKnownFileType = folder; name = icons; path = ../../ivBlock/ivBlockCore/icons; sourceTree = "<group>"; };
		867FBC192E1B31640090CAFD /* style.css */ = {isa = PBXFileReference; lastKnownFileType = text.css; name = style.css; path = ../../ivBlock/ivBlockCore/style.css; sourceTree = "<group>"; };
		867FBC1A2E1B31640090CAFD /* manifest.json */ = {isa = PBXFileReference; lastKnownFileType = text.json; name = manifest.json; path = ../../ivBlock/ivBlockCore/manifest.json; sourceTree = "<group>"; };
		867FBC1B2E1B31640090CAFD /* lockdown.js */ = {isa = PBXFileReference; lastKnownFileType = sourcecode.javascript; name = lockdown.js; path = ../../ivBlock/ivBlockCore/lockdown.js; sourceTree = "<group>"; };
		867FBC1C2E1B31640090CAFD /* de */ = {isa = PBXFileReference; lastKnownFileType = folder; name = de; path = ../../ivBlock/ivBlockCore/de; sourceTree = "<group>"; };
		867FBC1D2E1B31640090CAFD /* options.html */ = {isa = PBXFileReference; lastKnownFileType = text.html; name = options.html; path = ../../ivBlock/ivBlockCore/options.html; sourceTree = "<group>"; };
		867FBC1E2E1B31640090CAFD /* common.js */ = {isa = PBXFileReference; lastKnownFileType = sourcecode.javascript; name = common.js; path = ../../ivBlock/ivBlockCore/common.js; sourceTree = "<group>"; };
		867FBC1F2E1B31640090CAFD /* popup.css */ = {isa = PBXFileReference; lastKnownFileType = text.css; name = popup.css; path = ../../ivBlock/ivBlockCore/popup.css; sourceTree = "<group>"; };
		867FBC202E1B31640090CAFD /* _locales */ = {isa = PBXFileReference; lastKnownFileType = folder; name = _locales; path = ../../ivBlock/ivBlockCore/_locales; sourceTree = "<group>"; };
		867FBC212E1B31640090CAFD /* content.js */ = {isa = PBXFileReference; lastKnownFileType = sourcecode.javascript; name = content.js; path = ../../ivBlock/ivBlockCore/content.js; sourceTree = "<group>"; };
		867FBC232E1B31640090CAFD /* fonts.css */ = {isa = PBXFileReference; lastKnownFileType = text.css; name = fonts.css; path = ../../ivBlock/ivBlockCore/fonts.css; sourceTree = "<group>"; };
		867FBC242E1B31640090CAFD /* fonts */ = {isa = PBXFileReference; lastKnownFileType = folder; name = fonts; path = ../../ivBlock/ivBlockCore/fonts; sourceTree = "<group>"; };
		867FBC252E1B31640090CAFD /* blocked.html */ = {isa = PBXFileReference; lastKnownFileType = text.html; name = blocked.html; path = ../../ivBlock/ivBlockCore/blocked.html; sourceTree = "<group>"; };
		867FBC262E1B31640090CAFD /* themes */ = {isa = PBXFileReference; lastKnownFileType = folder; name = themes; path = ../../ivBlock/ivBlockCore/themes; sourceTree = "<group>"; };
		867FBC272E1B31640090CAFD /* options.css */ = {isa = PBXFileReference; lastKnownFileType = text.css; name = options.css; path = ../ivBlockCore/options.css; sourceTree = "<group>"; };
		867FBC282E1B31640090CAFD /* stats.js */ = {isa = PBXFileReference; lastKnownFileType = sourcecode.javascript; name = stats.js; path = ../../ivBlock/ivBlockCore/stats.js; sourceTree = "<group>"; };
		867FBC292E1B31640090CAFD /* jquery-ui */ = {isa = PBXFileReference; lastKnownFileType = folder; name = "jquery-ui"; path = "../../ivBlock/ivBlockCore/jquery-ui"; sourceTree = "<group>"; };
		867FBC2A2E1B31640090CAFD /* password.html */ = {isa = PBXFileReference; lastKnownFileType = text.html; name = password.html; path = ../../ivBlock/ivBlockCore/password.html; sourceTree = "<group>"; };
		86B3A1B42EBE5AE200431451 /* controls.css */ = {isa = PBXFileReference; lastKnownFileType = text.css; name = controls.css; path = ivBlockCore/controls.css; sourceTree = SOURCE_ROOT; };
		86B3A1B52EBE5AE200431451 /* override.css */ = {isa = PBXFileReference; lastKnownFileType = text.css; name = override.css; path = ivBlockCore/override.css; sourceTree = SOURCE_ROOT; };
		86D246CC2EEB298800A96161 /* lockdown.css */ = {isa = PBXFileReference; lastKnownFileType = text.css; name = lockdown.css; path = ivBlockCore/lockdown.css; sourceTree = SOURCE_ROOT; };
/* End PBXFileReference section */

/* Begin PBXFrameworksBuildPhase section */
		867FBBAF2E1B31630090CAFD /* Frameworks */ = {
			isa = PBXFrameworksBuildPhase;
			buildActionMask = 2147483647;
			files = (
			);
			runOnlyForDeploymentPostprocessing = 0;
		};
		867FBBC12E1B31630090CAFD /* Frameworks */ = {
			isa = PBXFrameworksBuildPhase;
			buildActionMask = 2147483647;
			files = (
			);
			runOnlyForDeploymentPostprocessing = 0;
		};
		867FBBCE2E1B31640090CAFD /* Frameworks */ = {
			isa = PBXFrameworksBuildPhase;
			buildActionMask = 2147483647;
			files = (
			);
			runOnlyForDeploymentPostprocessing = 0;
		};
		867FBBD82E1B31640090CAFD /* Frameworks */ = {
			isa = PBXFrameworksBuildPhase;
			buildActionMask = 2147483647;
			files = (
			);
			runOnlyForDeploymentPostprocessing = 0;
		};
/* End PBXFrameworksBuildPhase section */

/* Begin PBXGroup section */
		867FBB9E2E1B31620090CAFD = {
			isa = PBXGroup;
			children = (
				867FBBA32E1B31620090CAFD /* Shared (App) */,
				867FBBAC2E1B31630090CAFD /* Shared (Extension) */,
				867FBBB42E1B31630090CAFD /* iOS (App) */,
				867FBBC52E1B31640090CAFD /* macOS (App) */,
				867FBBD52E1B31640090CAFD /* iOS (Extension) */,
				867FBBDF2E1B31640090CAFD /* macOS (Extension) */,
				867FBBB32E1B31630090CAFD /* Products */,
			);
			sourceTree = "<group>";
		};
		867FBBA32E1B31620090CAFD /* Shared (App) */ = {
			isa = PBXGroup;
			children = (
				867FBBAA2E1B31620090CAFD /* ViewController.swift */,
				867FBBAB2E1B31630090CAFD /* Assets.xcassets */,
				867FBBA42E1B31620090CAFD /* Resources */,
			);
			path = "Shared (App)";
			sourceTree = "<group>";
		};
		867FBBA42E1B31620090CAFD /* Resources */ = {
			isa = PBXGroup;
			children = (
				867FBBA52E1B31620090CAFD /* Main.html */,
				867FBBA72E1B31620090CAFD /* Icon.png */,
				867FBBA82E1B31620090CAFD /* Style.css */,
				867FBBA92E1B31620090CAFD /* Script.js */,
			);
			path = Resources;
			sourceTree = "<group>";
		};
		867FBBAC2E1B31630090CAFD /* Shared (Extension) */ = {
			isa = PBXGroup;
			children = (
				867FBC002E1B31640090CAFD /* Resources */,
				867FBBAD2E1B31630090CAFD /* SafariWebExtensionHandler.swift */,
			);
			path = "Shared (Extension)";
			sourceTree = "<group>";
		};
		867FBBB32E1B31630090CAFD /* Products */ = {
			isa = PBXGroup;
			children = (
				867FBBB22E1B31630090CAFD /* ivBlock.app */,
				867FBBC42E1B31630090CAFD /* ivBlock.app */,
				867FBBD12E1B31640090CAFD /* ivBlock Extension.appex */,
				867FBBDB2E1B31640090CAFD /* ivBlock Extension.appex */,
			);
			name = Products;
			sourceTree = "<group>";
		};
		867FBBB42E1B31630090CAFD /* iOS (App) */ = {
			isa = PBXGroup;
			children = (
				867FBBB52E1B31630090CAFD /* AppDelegate.swift */,
				867FBBB72E1B31630090CAFD /* SceneDelegate.swift */,
				867FBBB92E1B31630090CAFD /* LaunchScreen.storyboard */,
				867FBBBC2E1B31630090CAFD /* Main.storyboard */,
				867FBBBF2E1B31630090CAFD /* Info.plist */,
			);
			path = "iOS (App)";
			sourceTree = "<group>";
		};
		867FBBC52E1B31640090CAFD /* macOS (App) */ = {
			isa = PBXGroup;
			children = (
				867FBBC62E1B31640090CAFD /* AppDelegate.swift */,
				867FBBC82E1B31640090CAFD /* Main.storyboard */,
				867FBBCB2E1B31640090CAFD /* Info.plist */,
				867FBBCC2E1B31640090CAFD /* ivBlock.entitlements */,
			);
			path = "macOS (App)";
			sourceTree = "<group>";
		};
		867FBBD52E1B31640090CAFD /* iOS (Extension) */ = {
			isa = PBXGroup;
			children = (
				867FBBD62E1B31640090CAFD /* Info.plist */,
			);
			path = "iOS (Extension)";
			sourceTree = "<group>";
		};
		867FBBDF2E1B31640090CAFD /* macOS (Extension) */ = {
			isa = PBXGroup;
			children = (
				867FBBE02E1B31640090CAFD /* Info.plist */,
				867FBBE12E1B31640090CAFD /* ivBlock.entitlements */,
			);
			path = "macOS (Extension)";
			sourceTree = "<group>";
		};
		867FBC002E1B31640090CAFD /* Resources */ = {
			isa = PBXGroup;
			children = (
				863FC9792ECD2BD30017989D /* buttons.css */,
				867FBC202E1B31640090CAFD /* _locales */,
				867FBC132E1B31640090CAFD /* add-sites.html */,
				867FBC072E1B31640090CAFD /* add-sites.js */,
				867FBC0A2E1B31640090CAFD /* background.js */,
				867FBC252E1B31640090CAFD /* blocked.html */,
				867FBC112E1B31640090CAFD /* blocked.js */,
				867FBC1E2E1B31640090CAFD /* common.js */,
				867FBC082E1B31640090CAFD /* content.css */,
				867FBC212E1B31640090CAFD /* content.js */,
				86B3A1B42EBE5AE200431451 /* controls.css */,
				867FBC1C2E1B31640090CAFD /* de */,
				867FBC012E1B31640090CAFD /* delayed.html */,
				867FBC162E1B31640090CAFD /* diagnostics.html */,
				867FBC022E1B31640090CAFD /* diagnostics.js */,
				867FBC242E1B31640090CAFD /* fonts */,
				867FBC232E1B31640090CAFD /* fonts.css */,
				867FBC182E1B31640090CAFD /* icons */,
				867FBC0B2E1B31640090CAFD /* images */,
				867FBC292E1B31640090CAFD /* jquery-ui */,
				867FBC092E1B31640090CAFD /* LICENSE */,
				867FBC0C2E1B31640090CAFD /* lockdown.html */,
				867FBC1B2E1B31640090CAFD /* lockdown.js */,
				86D246CC2EEB298800A96161 /* lockdown.css */,
				867FBC1A2E1B31640090CAFD /* manifest.json */,
				867FBC272E1B31640090CAFD /* options.css */,
				867FBC1D2E1B31640090CAFD /* options.html */,
				867FBC0F2E1B31640090CAFD /* options.js */,
				86B3A1B52EBE5AE200431451 /* override.css */,
				867FBC172E1B31640090CAFD /* override.js */,
				867FBC152E1B31640090CAFD /* override.html */,
				867FBC2A2E1B31640090CAFD /* password.html */,
				867FBC1F2E1B31640090CAFD /* popup.css */,
				867FBC0D2E1B31640090CAFD /* popup.html */,
				867FBC062E1B31640090CAFD /* popup.js */,
				867FBC142E1B31640090CAFD /* README.md */,
				867FBC052E1B31640090CAFD /* stats.html */,
				867FBC282E1B31640090CAFD /* stats.js */,
				867FBC192E1B31640090CAFD /* style.css */,
				867FBC262E1B31640090CAFD /* themes */,
				867FBC122E1B31640090CAFD /* VERSIONS.md */,
			);
			name = Resources;
			path = "Shared (Extension)";
			sourceTree = SOURCE_ROOT;
		};
/* End PBXGroup section */

/* Begin PBXNativeTarget section */
		867FBBB12E1B31630090CAFD /* ivBlock (iOS) */ = {
			isa = PBXNativeTarget;
			buildConfigurationList = 867FBBF62E1B31640090CAFD /* Build configuration list for PBXNativeTarget "ivBlock (iOS)" */;
			buildPhases = (
				867FBBAE2E1B31630090CAFD /* Sources */,
				867FBBAF2E1B31630090CAFD /* Frameworks */,
				867FBBB02E1B31630090CAFD /* Resources */,
				867FBBF52E1B31640090CAFD /* Embed Foundation Extensions */,
			);
			buildRules = (
			);
			dependencies = (
				867FBBD42E1B31640090CAFD /* PBXTargetDependency */,
			);
			name = "ivBlock (iOS)";
			packageProductDependencies = (
			);
			productName = "ivBlock (iOS)";
			productReference = 867FBBB22E1B31630090CAFD /* ivBlock.app */;
			productType = "com.apple.product-type.application";
		};
		867FBBC32E1B31630090CAFD /* ivBlock (macOS) */ = {
			isa = PBXNativeTarget;
			buildConfigurationList = 867FBBFD2E1B31640090CAFD /* Build configuration list for PBXNativeTarget "ivBlock (macOS)" */;
			buildPhases = (
				867FBBC02E1B31630090CAFD /* Sources */,
				867FBBC12E1B31630090CAFD /* Frameworks */,
				867FBBC22E1B31630090CAFD /* Resources */,
				867FBBFC2E1B31640090CAFD /* Embed Foundation Extensions */,
			);
			buildRules = (
			);
			dependencies = (
				867FBBDE2E1B31640090CAFD /* PBXTargetDependency */,
			);
			name = "ivBlock (macOS)";
			packageProductDependencies = (
			);
			productName = "ivBlock (macOS)";
			productReference = 867FBBC42E1B31630090CAFD /* ivBlock.app */;
			productType = "com.apple.product-type.application";
		};
		867FBBD02E1B31640090CAFD /* ivBlock Extension (iOS) */ = {
			isa = PBXNativeTarget;
			buildConfigurationList = 867FBBF22E1B31640090CAFD /* Build configuration list for PBXNativeTarget "ivBlock Extension (iOS)" */;
			buildPhases = (
				867FBBCD2E1B31640090CAFD /* Sources */,
				867FBBCE2E1B31640090CAFD /* Frameworks */,
				867FBBCF2E1B31640090CAFD /* Resources */,
			);
			buildRules = (
			);
			dependencies = (
			);
			name = "ivBlock Extension (iOS)";
			packageProductDependencies = (
			);
			productName = "ivBlock Extension (iOS)";
			productReference = 867FBBD12E1B31640090CAFD /* ivBlock Extension.appex */;
			productType = "com.apple.product-type.app-extension";
		};
		867FBBDA2E1B31640090CAFD /* ivBlock Extension (macOS) */ = {
			isa = PBXNativeTarget;
			buildConfigurationList = 867FBBF92E1B31640090CAFD /* Build configuration list for PBXNativeTarget "ivBlock Extension (macOS)" */;
			buildPhases = (
				867FBBD72E1B31640090CAFD /* Sources */,
				867FBBD82E1B31640090CAFD /* Frameworks */,
				867FBBD92E1B31640090CAFD /* Resources */,
			);
			buildRules = (
			);
			dependencies = (
			);
			name = "ivBlock Extension (macOS)";
			packageProductDependencies = (
			);
			productName = "ivBlock Extension (macOS)";
			productReference = 867FBBDB2E1B31640090CAFD /* ivBlock Extension.appex */;
			productType = "com.apple.product-type.app-extension";
		};
/* End PBXNativeTarget section */

/* Begin PBXProject section */
		867FBB9F2E1B31620090CAFD /* Project object */ = {
			isa = PBXProject;
			attributes = {
				BuildIndependentTargetsInParallel = 1;
				LastSwiftUpdateCheck = 1640;
				LastUpgradeCheck = 2600;
				TargetAttributes = {
					867FBBB12E1B31630090CAFD = {
						CreatedOnToolsVersion = 16.4;
					};
					867FBBC32E1B31630090CAFD = {
						CreatedOnToolsVersion = 16.4;
					};
					867FBBD02E1B31640090CAFD = {
						CreatedOnToolsVersion = 16.4;
					};
					867FBBDA2E1B31640090CAFD = {
						CreatedOnToolsVersion = 16.4;
					};
				};
			};
			buildConfigurationList = 867FBBA22E1B31620090CAFD /* Build configuration list for PBXProject "ivBlock" */;
			developmentRegion = en;
			hasScannedForEncodings = 0;
			knownRegions = (
				en,
				Base,
			);
			mainGroup = 867FBB9E2E1B31620090CAFD;
			minimizedProjectReferenceProxies = 1;
			preferredProjectObjectVersion = 77;
			productRefGroup = 867FBBB32E1B31630090CAFD /* Products */;
			projectDirPath = "";
			projectRoot = "";
			targets = (
				867FBBB12E1B31630090CAFD /* ivBlock (iOS) */,
				867FBBC32E1B31630090CAFD /* ivBlock (macOS) */,
				867FBBD02E1B31640090CAFD /* ivBlock Extension (iOS) */,
				867FBBDA2E1B31640090CAFD /* ivBlock Extension (macOS) */,
			);
		};
/* End PBXProject section */

/* Begin PBXResourcesBuildPhase section */
		867FBBB02E1B31630090CAFD /* Resources */ = {
			isa = PBXResourcesBuildPhase;
			buildActionMask = 2147483647;
			files = (
				867FBBE42E1B31640090CAFD /* Icon.png in Resources */,
				867FBBBB2E1B31630090CAFD /* LaunchScreen.storyboard in Resources */,
				867FBBE22E1B31640090CAFD /* Main.html in Resources */,
				867FBBE82E1B31640090CAFD /* Script.js in Resources */,
				867FBBEC2E1B31640090CAFD /* Assets.xcassets in Resources */,
				867FBBBE2E1B31630090CAFD /* Main.storyboard in Resources */,
				867FBBE62E1B31640090CAFD /* Style.css in Resources */,
			);
			runOnlyForDeploymentPostprocessing = 0;
		};
		867FBBC22E1B31630090CAFD /* Resources */ = {
			isa = PBXResourcesBuildPhase;
			buildActionMask = 2147483647;
			files = (
				867FBBE52E1B31640090CAFD /* Icon.png in Resources */,
				867FBBE72E1B31640090CAFD /* Style.css in Resources */,
				867FBBCA2E1B31640090CAFD /* Main.storyboard in Resources */,
				867FBBE92E1B31640090CAFD /* Script.js in Resources */,
				867FBBED2E1B31640090CAFD /* Assets.xcassets in Resources */,
				867FBBE32E1B31640090CAFD /* Main.html in Resources */,
			);
			runOnlyForDeploymentPostprocessing = 0;
		};
		867FBBCF2E1B31640090CAFD /* Resources */ = {
			isa = PBXResourcesBuildPhase;
			buildActionMask = 2147483647;
			files = (
				867FBC552E1B31640090CAFD /* delayed.html in Resources */,
				867FBC772E1B31640090CAFD /* fonts.css in Resources */,
				867FBC5F2E1B31640090CAFD /* images in Resources */,
				867FBC682E1B31640090CAFD /* README.md in Resources */,
				86D246CD2EEB298800A96161 /* lockdown.css in Resources */,
				867FBC6F2E1B31640090CAFD /* lockdown.js in Resources */,
				867FBC5A2E1B31640090CAFD /* popup.js in Resources */,
				867FBC562E1B31640090CAFD /* diagnostics.js in Resources */,
				867FBC632E1B31640090CAFD /* options.js in Resources */,
				86B3A1B82EBE5AE200431451 /* controls.css in Resources */,
				86B3A1B92EBE5AE200431451 /* override.css in Resources */,
				867FBC702E1B31640090CAFD /* de in Resources */,
				867FBC692E1B31640090CAFD /* override.html in Resources */,
				867FBC7C2E1B31640090CAFD /* stats.js in Resources */,
				867FBC722E1B31640090CAFD /* common.js in Resources */,
				867FBC742E1B31640090CAFD /* _locales in Resources */,
				867FBC732E1B31640090CAFD /* popup.css in Resources */,
				867FBC7A2E1B31640090CAFD /* themes in Resources */,
				863FC97A2ECD2BD30017989D /* buttons.css in Resources */,
				867FBC7D2E1B31640090CAFD /* jquery-ui in Resources */,
				867FBC752E1B31640090CAFD /* content.js in Resources */,
				867FBC782E1B31640090CAFD /* fonts in Resources */,
				867FBC5E2E1B31640090CAFD /* background.js in Resources */,
				867FBC712E1B31640090CAFD /* options.html in Resources */,
				867FBC6C2E1B31640090CAFD /* icons in Resources */,
				867FBC612E1B31640090CAFD /* popup.html in Resources */,
				867FBC6D2E1B31640090CAFD /* style.css in Resources */,
				867FBC5C2E1B31640090CAFD /* content.css in Resources */,
				867FBC6B2E1B31640090CAFD /* override.js in Resources */,
				867FBC6E2E1B31640090CAFD /* manifest.json in Resources */,
				867FBC5D2E1B31640090CAFD /* LICENSE in Resources */,
				867FBC602E1B31640090CAFD /* lockdown.html in Resources */,
				867FBC592E1B31640090CAFD /* stats.html in Resources */,
				867FBC7B2E1B31640090CAFD /* options.css in Resources */,
				867FBC662E1B31640090CAFD /* VERSIONS.md in Resources */,
				867FBC5B2E1B31640090CAFD /* add-sites.js in Resources */,
				867FBC7E2E1B31640090CAFD /* password.html in Resources */,
				867FBC792E1B31640090CAFD /* blocked.html in Resources */,
				867FBC652E1B31640090CAFD /* blocked.js in Resources */,
				867FBC672E1B31640090CAFD /* add-sites.html in Resources */,
				867FBC6A2E1B31640090CAFD /* diagnostics.html in Resources */,
			);
			runOnlyForDeploymentPostprocessing = 0;
		};
		867FBBD92E1B31640090CAFD /* Resources */ = {
			isa = PBXResourcesBuildPhase;
			buildActionMask = 2147483647;
			files = (
				867FBC2B2E1B31640090CAFD /* delayed.html in Resources */,
				867FBC4D2E1B31640090CAFD /* fonts.css in Resources */,
				867FBC352E1B31640090CAFD /* images in Resources */,
				867FBC3E2E1B31640090CAFD /* README.md in Resources */,
				86D246CE2EEB298800A96161 /* lockdown.css in Resources */,
				867FBC452E1B31640090CAFD /* lockdown.js in Resources */,
				867FBC302E1B31640090CAFD /* popup.js in Resources */,
				867FBC2C2E1B31640090CAFD /* diagnostics.js in Resources */,
				867FBC392E1B31640090CAFD /* options.js in Resources */,
				86B3A1B62EBE5AE200431451 /* controls.css in Resources */,
				86B3A1B72EBE5AE200431451 /* override.css in Resources */,
				867FBC462E1B31640090CAFD /* de in Resources */,
				867FBC3F2E1B31640090CAFD /* override.html in Resources */,
				867FBC522E1B31640090CAFD /* stats.js in Resources */,
				867FBC482E1B31640090CAFD /* common.js in Resources */,
				867FBC4A2E1B31640090CAFD /* _locales in Resources */,
				867FBC492E1B31640090CAFD /* popup.css in Resources */,
				867FBC502E1B31640090CAFD /* themes in Resources */,
				863FC97B2ECD2BD30017989D /* buttons.css in Resources */,
				867FBC532E1B31640090CAFD /* jquery-ui in Resources */,
				867FBC4B2E1B31640090CAFD /* content.js in Resources */,
				867FBC4E2E1B31640090CAFD /* fonts in Resources */,
				867FBC342E1B31640090CAFD /* background.js in Resources */,
				867FBC472E1B31640090CAFD /* options.html in Resources */,
				867FBC422E1B31640090CAFD /* icons in Resources */,
				867FBC372E1B31640090CAFD /* popup.html in Resources */,
				867FBC432E1B31640090CAFD /* style.css in Resources */,
				867FBC322E1B31640090CAFD /* content.css in Resources */,
				867FBC412E1B31640090CAFD /* override.js in Resources */,
				867FBC442E1B31640090CAFD /* manifest.json in Resources */,
				867FBC332E1B31640090CAFD /* LICENSE in Resources */,
				867FBC362E1B31640090CAFD /* lockdown.html in Resources */,
				867FBC2F2E1B31640090CAFD /* stats.html in Resources */,
				867FBC512E1B31640090CAFD /* options.css in Resources */,
				867FBC3C2E1B31640090CAFD /* VERSIONS.md in Resources */,
				867FBC312E1B31640090CAFD /* add-sites.js in Resources */,
				867FBC542E1B31640090CAFD /* password.html in Resources */,
				867FBC4F2E1B31640090CAFD /* blocked.html in Resources */,
				867FBC3B2E1B31640090CAFD /* blocked.js in Resources */,
				867FBC3D2E1B31640090CAFD /* add-sites.html in Resources */,
				867FBC402E1B31640090CAFD /* diagnostics.html in Resources */,
			);
			runOnlyForDeploymentPostprocessing = 0;
		};
/* End PBXResourcesBuildPhase section */

/* Begin PBXSourcesBuildPhase section */
		867FBBAE2E1B31630090CAFD /* Sources */ = {
			isa = PBXSourcesBuildPhase;
			buildActionMask = 2147483647;
			files = (
				867FBBEA2E1B31640090CAFD /* ViewController.swift in Sources */,
				867FBBB62E1B31630090CAFD /* AppDelegate.swift in Sources */,
				867FBBB82E1B31630090CAFD /* SceneDelegate.swift in Sources */,
			);
			runOnlyForDeploymentPostprocessing = 0;
		};
		867FBBC02E1B31630090CAFD /* Sources */ = {
			isa = PBXSourcesBuildPhase;
			buildActionMask = 2147483647;
			files = (
				867FBBEB2E1B31640090CAFD /* ViewController.swift in Sources */,
				867FBBC72E1B31640090CAFD /* AppDelegate.swift in Sources */,
			);
			runOnlyForDeploymentPostprocessing = 0;
		};
		867FBBCD2E1B31640090CAFD /* Sources */ = {
			isa = PBXSourcesBuildPhase;
			buildActionMask = 2147483647;
			files = (
				867FBBEE2E1B31640090CAFD /* SafariWebExtensionHandler.swift in Sources */,
			);
			runOnlyForDeploymentPostprocessing = 0;
		};
		867FBBD72E1B31640090CAFD /* Sources */ = {
			isa = PBXSourcesBuildPhase;
			buildActionMask = 2147483647;
			files = (
				867FBBEF2E1B31640090CAFD /* SafariWebExtensionHandler.swift in Sources */,
			);
			runOnlyForDeploymentPostprocessing = 0;
		};
/* End PBXSourcesBuildPhase section */

/* Begin PBXTargetDependency section */
		867FBBD42E1B31640090CAFD /* PBXTargetDependency */ = {
			isa = PBXTargetDependency;
			target = 867FBBD02E1B31640090CAFD /* ivBlock Extension (iOS) */;
			targetProxy = 867FBBD32E1B31640090CAFD /* PBXContainerItemProxy */;
		};
		867FBBDE2E1B31640090CAFD /* PBXTargetDependency */ = {
			isa = PBXTargetDependency;
			target = 867FBBDA2E1B31640090CAFD /* ivBlock Extension (macOS) */;
			targetProxy = 867FBBDD2E1B31640090CAFD /* PBXContainerItemProxy */;
		};
/* End PBXTargetDependency section */

/* Begin PBXVariantGroup section */
		867FBBA52E1B31620090CAFD /* Main.html */ = {
			isa = PBXVariantGroup;
			children = (
				867FBBA62E1B31620090CAFD /* Base */,
			);
			name = Main.html;
			sourceTree = "<group>";
		};
		867FBBB92E1B31630090CAFD /* LaunchScreen.storyboard */ = {
			isa = PBXVariantGroup;
			children = (
				867FBBBA2E1B31630090CAFD /* Base */,
			);
			name = LaunchScreen.storyboard;
			sourceTree = "<group>";
		};
		867FBBBC2E1B31630090CAFD /* Main.storyboard */ = {
			isa = PBXVariantGroup;
			children = (
				867FBBBD2E1B31630090CAFD /* Base */,
			);
			name = Main.storyboard;
			sourceTree = "<group>";
		};
		867FBBC82E1B31640090CAFD /* Main.storyboard */ = {
			isa = PBXVariantGroup;
			children = (
				867FBBC92E1B31640090CAFD /* Base */,
			);
			name = Main.storyboard;
			sourceTree = "<group>";
		};
/* End PBXVariantGroup section */

/* Begin XCBuildConfiguration section */
		867FBBF02E1B31640090CAFD /* Debug */ = {
			isa = XCBuildConfiguration;
			buildSettings = {
				ALWAYS_SEARCH_USER_PATHS = NO;
				ASSETCATALOG_COMPILER_GENERATE_SWIFT_ASSET_SYMBOL_EXTENSIONS = YES;
				CLANG_ANALYZER_NONNULL = YES;
				CLANG_ANALYZER_NUMBER_OBJECT_CONVERSION = YES_AGGRESSIVE;
				CLANG_CXX_LANGUAGE_STANDARD = "gnu++20";
				CLANG_ENABLE_MODULES = YES;
				CLANG_ENABLE_OBJC_ARC = YES;
				CLANG_ENABLE_OBJC_WEAK = YES;
				CLANG_WARN_BLOCK_CAPTURE_AUTORELEASING = YES;
				CLANG_WARN_BOOL_CONVERSION = YES;
				CLANG_WARN_COMMA = YES;
				CLANG_WARN_CONSTANT_CONVERSION = YES;
				CLANG_WARN_DEPRECATED_OBJC_IMPLEMENTATIONS = YES;
				CLANG_WARN_DIRECT_OBJC_ISA_USAGE = YES_ERROR;
				CLANG_WARN_DOCUMENTATION_COMMENTS = YES;
				CLANG_WARN_EMPTY_BODY = YES;
				CLANG_WARN_ENUM_CONVERSION = YES;
				CLANG_WARN_INFINITE_RECURSION = YES;
				CLANG_WARN_INT_CONVERSION = YES;
				CLANG_WARN_NON_LITERAL_NULL_CONVERSION = YES;
				CLANG_WARN_OBJC_IMPLICIT_RETAIN_SELF = YES;
				CLANG_WARN_OBJC_LITERAL_CONVERSION = YES;
				CLANG_WARN_OBJC_ROOT_CLASS = YES_ERROR;
				CLANG_WARN_QUOTED_INCLUDE_IN_FRAMEWORK_HEADER = YES;
				CLANG_WARN_RANGE_LOOP_ANALYSIS = YES;
				CLANG_WARN_STRICT_PROTOTYPES = YES;
				CLANG_WARN_SUSPICIOUS_MOVE = YES;
				CLANG_WARN_UNGUARDED_AVAILABILITY = YES_AGGRESSIVE;
				CLANG_WARN_UNREACHABLE_CODE = YES;
				CLANG_WARN__DUPLICATE_METHOD_MATCH = YES;
				COPY_PHASE_STRIP = NO;
				DEAD_CODE_STRIPPING = YES;
				DEBUG_INFORMATION_FORMAT = dwarf;
				DEVELOPMENT_TEAM = 869Y2586A8;
				ENABLE_STRICT_OBJC_MSGSEND = YES;
				ENABLE_TESTABILITY = YES;
				ENABLE_USER_SCRIPT_SANDBOXING = YES;
				GCC_C_LANGUAGE_STANDARD = gnu17;
				GCC_DYNAMIC_NO_PIC = NO;
				GCC_NO_COMMON_BLOCKS = YES;
				GCC_OPTIMIZATION_LEVEL = 0;
				GCC_PREPROCESSOR_DEFINITIONS = (
					"DEBUG=1",
					"$(inherited)",
				);
				GCC_WARN_64_TO_32_BIT_CONVERSION = YES;
				GCC_WARN_ABOUT_RETURN_TYPE = YES_ERROR;
				GCC_WARN_UNDECLARED_SELECTOR = YES;
				GCC_WARN_UNINITIALIZED_AUTOS = YES_AGGRESSIVE;
				GCC_WARN_UNUSED_FUNCTION = YES;
				GCC_WARN_UNUSED_VARIABLE = YES;
				LOCALIZATION_PREFERS_STRING_CATALOGS = YES;
				MTL_ENABLE_DEBUG_INFO = INCLUDE_SOURCE;
				MTL_FAST_MATH = YES;
				ONLY_ACTIVE_ARCH = YES;
				STRING_CATALOG_GENERATE_SYMBOLS = YES;
				SWIFT_ACTIVE_COMPILATION_CONDITIONS = "DEBUG $(inherited)";
				SWIFT_OPTIMIZATION_LEVEL = "-Onone";
			};
			name = Debug;
		};
		867FBBF12E1B31640090CAFD /* Release */ = {
			isa = XCBuildConfiguration;
			buildSettings = {
				ALWAYS_SEARCH_USER_PATHS = NO;
				ASSETCATALOG_COMPILER_GENERATE_SWIFT_ASSET_SYMBOL_EXTENSIONS = YES;
				CLANG_ANALYZER_NONNULL = YES;
				CLANG_ANALYZER_NUMBER_OBJECT_CONVERSION = YES_AGGRESSIVE;
				CLANG_CXX_LANGUAGE_STANDARD = "gnu++20";
				CLANG_ENABLE_MODULES = YES;
				CLANG_ENABLE_OBJC_ARC = YES;
				CLANG_ENABLE_OBJC_WEAK = YES;
				CLANG_WARN_BLOCK_CAPTURE_AUTORELEASING = YES;
				CLANG_WARN_BOOL_CONVERSION = YES;
				CLANG_WARN_COMMA = YES;
				CLANG_WARN_CONSTANT_CONVERSION = YES;
				CLANG_WARN_DEPRECATED_OBJC_IMPLEMENTATIONS = YES;
				CLANG_WARN_DIRECT_OBJC_ISA_USAGE = YES_ERROR;
				CLANG_WARN_DOCUMENTATION_COMMENTS = YES;
				CLANG_WARN_EMPTY_BODY = YES;
				CLANG_WARN_ENUM_CONVERSION = YES;
				CLANG_WARN_INFINITE_RECURSION = YES;
				CLANG_WARN_INT_CONVERSION = YES;
				CLANG_WARN_NON_LITERAL_NULL_CONVERSION = YES;
				CLANG_WARN_OBJC_IMPLICIT_RETAIN_SELF = YES;
				CLANG_WARN_OBJC_LITERAL_CONVERSION = YES;
				CLANG_WARN_OBJC_ROOT_CLASS = YES_ERROR;
				CLANG_WARN_QUOTED_INCLUDE_IN_FRAMEWORK_HEADER = YES;
				CLANG_WARN_RANGE_LOOP_ANALYSIS = YES;
				CLANG_WARN_STRICT_PROTOTYPES = YES;
				CLANG_WARN_SUSPICIOUS_MOVE = YES;
				CLANG_WARN_UNGUARDED_AVAILABILITY = YES_AGGRESSIVE;
				CLANG_WARN_UNREACHABLE_CODE = YES;
				CLANG_WARN__DUPLICATE_METHOD_MATCH = YES;
				COPY_PHASE_STRIP = NO;
				DEAD_CODE_STRIPPING = YES;
				DEBUG_INFORMATION_FORMAT = "dwarf-with-dsym";
				DEVELOPMENT_TEAM = 869Y2586A8;
				ENABLE_NS_ASSERTIONS = NO;
				ENABLE_STRICT_OBJC_MSGSEND = YES;
				ENABLE_USER_SCRIPT_SANDBOXING = YES;
				GCC_C_LANGUAGE_STANDARD = gnu17;
				GCC_NO_COMMON_BLOCKS = YES;
				GCC_WARN_64_TO_32_BIT_CONVERSION = YES;
				GCC_WARN_ABOUT_RETURN_TYPE = YES_ERROR;
				GCC_WARN_UNDECLARED_SELECTOR = YES;
				GCC_WARN_UNINITIALIZED_AUTOS = YES_AGGRESSIVE;
				GCC_WARN_UNUSED_FUNCTION = YES;
				GCC_WARN_UNUSED_VARIABLE = YES;
				LOCALIZATION_PREFERS_STRING_CATALOGS = YES;
				MTL_ENABLE_DEBUG_INFO = NO;
				MTL_FAST_MATH = YES;
				STRING_CATALOG_GENERATE_SYMBOLS = YES;
				SWIFT_COMPILATION_MODE = wholemodule;
			};
			name = Release;
		};
		867FBBF32E1B31640090CAFD /* Debug */ = {
			isa = XCBuildConfiguration;
			buildSettings = {
				CODE_SIGN_IDENTITY = "Apple Development";
				CODE_SIGN_STYLE = Automatic;
				CURRENT_PROJECT_VERSION = 1;
				GENERATE_INFOPLIST_FILE = YES;
				INFOPLIST_FILE = "iOS (Extension)/Info.plist";
				INFOPLIST_KEY_CFBundleDisplayName = "ivBlock Extension";
				INFOPLIST_KEY_NSHumanReadableCopyright = "";
				IPHONEOS_DEPLOYMENT_TARGET = 15.0;
				LD_RUNPATH_SEARCH_PATHS = (
					"$(inherited)",
					"@executable_path/Frameworks",
					"@executable_path/../../Frameworks",
				);
				MARKETING_VERSION = 1.0.2;
				OTHER_LDFLAGS = (
					"-framework",
					SafariServices,
				);
				PRODUCT_BUNDLE_IDENTIFIER = de.incuvolve.ivBlock.Extension;
				PRODUCT_NAME = "ivBlock Extension";
				PROVISIONING_PROFILE_SPECIFIER = "";
				SDKROOT = iphoneos;
				SKIP_INSTALL = YES;
				SUPPORTED_PLATFORMS = "iphoneos iphonesimulator";
				SUPPORTS_MACCATALYST = NO;
				SUPPORTS_XR_DESIGNED_FOR_IPHONE_IPAD = NO;
				SWIFT_EMIT_LOC_STRINGS = YES;
				SWIFT_VERSION = 5.0;
				TARGETED_DEVICE_FAMILY = "1,2";
			};
			name = Debug;
		};
		867FBBF42E1B31640090CAFD /* Release */ = {
			isa = XCBuildConfiguration;
			buildSettings = {
				CODE_SIGN_STYLE = Automatic;
				CURRENT_PROJECT_VERSION = 1;
				GENERATE_INFOPLIST_FILE = YES;
				INFOPLIST_FILE = "iOS (Extension)/Info.plist";
				INFOPLIST_KEY_CFBundleDisplayName = "ivBlock Extension";
				INFOPLIST_KEY_NSHumanReadableCopyright = "";
				IPHONEOS_DEPLOYMENT_TARGET = 15.0;
				LD_RUNPATH_SEARCH_PATHS = (
					"$(inherited)",
					"@executable_path/Frameworks",
					"@executable_path/../../Frameworks",
				);
				MARKETING_VERSION = 1.0.2;
				OTHER_LDFLAGS = (
					"-framework",
					SafariServices,
				);
				PRODUCT_BUNDLE_IDENTIFIER = de.incuvolve.ivBlock.Extension;
				PRODUCT_NAME = "ivBlock Extension";
				SDKROOT = iphoneos;
				SKIP_INSTALL = YES;
				SUPPORTED_PLATFORMS = "iphoneos iphonesimulator";
				SUPPORTS_MACCATALYST = NO;
				SUPPORTS_XR_DESIGNED_FOR_IPHONE_IPAD = NO;
				SWIFT_EMIT_LOC_STRINGS = YES;
				SWIFT_VERSION = 5.0;
				TARGETED_DEVICE_FAMILY = "1,2";
				VALIDATE_PRODUCT = YES;
			};
			name = Release;
		};
		867FBBF72E1B31640090CAFD /* Debug */ = {
			isa = XCBuildConfiguration;
			buildSettings = {
				ASSETCATALOG_COMPILER_APPICON_NAME = AppIcon;
				ASSETCATALOG_COMPILER_GLOBAL_ACCENT_COLOR_NAME = AccentColor;
				ASSETCATALOG_COMPILER_INCLUDE_ALL_APPICON_ASSETS = NO;
				CODE_SIGN_STYLE = Automatic;
				CURRENT_PROJECT_VERSION = 1;
				GENERATE_INFOPLIST_FILE = YES;
				INFOPLIST_FILE = "iOS (App)/Info.plist";
				INFOPLIST_KEY_CFBundleDisplayName = ivBlock;
				INFOPLIST_KEY_LSApplicationCategoryType = "public.app-category.productivity";
				INFOPLIST_KEY_UIApplicationSupportsIndirectInputEvents = YES;
				INFOPLIST_KEY_UILaunchStoryboardName = LaunchScreen;
				INFOPLIST_KEY_UIMainStoryboardFile = Main;
				INFOPLIST_KEY_UISupportedInterfaceOrientations = "UIInterfaceOrientationPortrait UIInterfaceOrientationLandscapeLeft UIInterfaceOrientationLandscapeRight";
				INFOPLIST_KEY_UISupportedInterfaceOrientations_iPad = "UIInterfaceOrientationPortrait UIInterfaceOrientationPortraitUpsideDown UIInterfaceOrientationLandscapeLeft UIInterfaceOrientationLandscapeRight";
				IPHONEOS_DEPLOYMENT_TARGET = 15.0;
				LD_RUNPATH_SEARCH_PATHS = (
					"$(inherited)",
					"@executable_path/Frameworks",
				);
				MARKETING_VERSION = 1.0.2;
				OTHER_LDFLAGS = (
					"-framework",
					SafariServices,
					"-framework",
					WebKit,
				);
				PRODUCT_BUNDLE_IDENTIFIER = de.incuvolve.ivBlock;
				PRODUCT_NAME = ivBlock;
				SDKROOT = iphoneos;
				SUPPORTED_PLATFORMS = "iphoneos iphonesimulator";
				SUPPORTS_MACCATALYST = NO;
				SUPPORTS_XR_DESIGNED_FOR_IPHONE_IPAD = NO;
				SWIFT_EMIT_LOC_STRINGS = YES;
				SWIFT_VERSION = 5.0;
				TARGETED_DEVICE_FAMILY = "1,2";
			};
			name = Debug;
		};
		867FBBF82E1B31640090CAFD /* Release */ = {
			isa = XCBuildConfiguration;
			buildSettings = {
				ASSETCATALOG_COMPILER_APPICON_NAME = AppIcon;
				ASSETCATALOG_COMPILER_GLOBAL_ACCENT_COLOR_NAME = AccentColor;
				ASSETCATALOG_COMPILER_INCLUDE_ALL_APPICON_ASSETS = NO;
				CODE_SIGN_STYLE = Automatic;
				CURRENT_PROJECT_VERSION = 1;
				GENERATE_INFOPLIST_FILE = YES;
				INFOPLIST_FILE = "iOS (App)/Info.plist";
				INFOPLIST_KEY_CFBundleDisplayName = ivBlock;
				INFOPLIST_KEY_LSApplicationCategoryType = "public.app-category.productivity";
				INFOPLIST_KEY_UIApplicationSupportsIndirectInputEvents = YES;
				INFOPLIST_KEY_UILaunchStoryboardName = LaunchScreen;
				INFOPLIST_KEY_UIMainStoryboardFile = Main;
				INFOPLIST_KEY_UISupportedInterfaceOrientations = "UIInterfaceOrientationPortrait UIInterfaceOrientationLandscapeLeft UIInterfaceOrientationLandscapeRight";
				INFOPLIST_KEY_UISupportedInterfaceOrientations_iPad = "UIInterfaceOrientationPortrait UIInterfaceOrientationPortraitUpsideDown UIInterfaceOrientationLandscapeLeft UIInterfaceOrientationLandscapeRight";
				IPHONEOS_DEPLOYMENT_TARGET = 15.0;
				LD_RUNPATH_SEARCH_PATHS = (
					"$(inherited)",
					"@executable_path/Frameworks",
				);
				MARKETING_VERSION = 1.0.2;
				OTHER_LDFLAGS = (
					"-framework",
					SafariServices,
					"-framework",
					WebKit,
				);
				PRODUCT_BUNDLE_IDENTIFIER = de.incuvolve.ivBlock;
				PRODUCT_NAME = ivBlock;
				SDKROOT = iphoneos;
				SUPPORTED_PLATFORMS = "iphoneos iphonesimulator";
				SUPPORTS_MACCATALYST = NO;
				SUPPORTS_XR_DESIGNED_FOR_IPHONE_IPAD = NO;
				SWIFT_EMIT_LOC_STRINGS = YES;
				SWIFT_VERSION = 5.0;
				TARGETED_DEVICE_FAMILY = "1,2";
				VALIDATE_PRODUCT = YES;
			};
			name = Release;
		};
		867FBBFA2E1B31640090CAFD /* Debug */ = {
			isa = XCBuildConfiguration;
			buildSettings = {
				CODE_SIGN_ENTITLEMENTS = "macOS (Extension)/ivBlock.entitlements";
				"CODE_SIGN_IDENTITY[sdk=macosx*]" = "Apple Development";
				CODE_SIGN_STYLE = Automatic;
				CURRENT_PROJECT_VERSION = 1;
				DEAD_CODE_STRIPPING = YES;
				ENABLE_APP_SANDBOX = YES;
				ENABLE_HARDENED_RUNTIME = YES;
				ENABLE_USER_SELECTED_FILES = readonly;
				GENERATE_INFOPLIST_FILE = YES;
				INFOPLIST_FILE = "macOS (Extension)/Info.plist";
				INFOPLIST_KEY_CFBundleDisplayName = "ivBlock Extension";
				INFOPLIST_KEY_NSHumanReadableCopyright = "";
				LD_RUNPATH_SEARCH_PATHS = (
					"$(inherited)",
					"@executable_path/../Frameworks",
					"@executable_path/../../../../Frameworks",
				);
				MACOSX_DEPLOYMENT_TARGET = 11.0;
				MARKETING_VERSION = 1.0.1;
				OTHER_LDFLAGS = (
					"-framework",
					SafariServices,
				);
				PRODUCT_BUNDLE_IDENTIFIER = de.incuvolve.ivBlock.Extension;
				PRODUCT_NAME = "ivBlock Extension";
				SDKROOT = macosx;
				SKIP_INSTALL = YES;
				SWIFT_EMIT_LOC_STRINGS = YES;
				SWIFT_VERSION = 5.0;
			};
			name = Debug;
		};
		867FBBFB2E1B31640090CAFD /* Release */ = {
			isa = XCBuildConfiguration;
			buildSettings = {
				CODE_SIGN_ENTITLEMENTS = "macOS (Extension)/ivBlock.entitlements";
				"CODE_SIGN_IDENTITY[sdk=macosx*]" = "Apple Development";
				CODE_SIGN_STYLE = Automatic;
				CURRENT_PROJECT_VERSION = 1;
				DEAD_CODE_STRIPPING = YES;
				ENABLE_APP_SANDBOX = YES;
				ENABLE_HARDENED_RUNTIME = YES;
				ENABLE_USER_SELECTED_FILES = readonly;
				GENERATE_INFOPLIST_FILE = YES;
				INFOPLIST_FILE = "macOS (Extension)/Info.plist";
				INFOPLIST_KEY_CFBundleDisplayName = "ivBlock Extension";
				INFOPLIST_KEY_NSHumanReadableCopyright = "";
				LD_RUNPATH_SEARCH_PATHS = (
					"$(inherited)",
					"@executable_path/../Frameworks",
					"@executable_path/../../../../Frameworks",
				);
				MACOSX_DEPLOYMENT_TARGET = 11.0;
				MARKETING_VERSION = 1.0.1;
				OTHER_LDFLAGS = (
					"-framework",
					SafariServices,
				);
				PRODUCT_BUNDLE_IDENTIFIER = de.incuvolve.ivBlock.Extension;
				PRODUCT_NAME = "ivBlock Extension";
				SDKROOT = macosx;
				SKIP_INSTALL = YES;
				SWIFT_EMIT_LOC_STRINGS = YES;
				SWIFT_VERSION = 5.0;
			};
			name = Release;
		};
		867FBBFE2E1B31640090CAFD /* Debug */ = {
			isa = XCBuildConfiguration;
			buildSettings = {
				ASSETCATALOG_COMPILER_APPICON_NAME = AppIcon;
				ASSETCATALOG_COMPILER_GLOBAL_ACCENT_COLOR_NAME = AccentColor;
				CODE_SIGN_ENTITLEMENTS = "macOS (App)/ivBlock.entitlements";
				"CODE_SIGN_IDENTITY[sdk=macosx*]" = "Apple Development";
				CODE_SIGN_STYLE = Automatic;
				CURRENT_PROJECT_VERSION = 1;
				DEAD_CODE_STRIPPING = YES;
				ENABLE_APP_SANDBOX = YES;
				ENABLE_HARDENED_RUNTIME = YES;
				ENABLE_OUTGOING_NETWORK_CONNECTIONS = YES;
				ENABLE_USER_SELECTED_FILES = readonly;
				GENERATE_INFOPLIST_FILE = YES;
				INFOPLIST_FILE = "macOS (App)/Info.plist";
				INFOPLIST_KEY_CFBundleDisplayName = ivBlock;
				INFOPLIST_KEY_LSApplicationCategoryType = "public.app-category.productivity";
				INFOPLIST_KEY_NSMainStoryboardFile = Main;
				INFOPLIST_KEY_NSPrincipalClass = NSApplication;
				LD_RUNPATH_SEARCH_PATHS = (
					"$(inherited)",
					"@executable_path/../Frameworks",
				);
				MACOSX_DEPLOYMENT_TARGET = 11.0;
				MARKETING_VERSION = 1.0.2;
				OTHER_LDFLAGS = (
					"-framework",
					SafariServices,
					"-framework",
					WebKit,
				);
				PRODUCT_BUNDLE_IDENTIFIER = de.incuvolve.ivBlock;
				PRODUCT_NAME = ivBlock;
				REGISTER_APP_GROUPS = YES;
				SDKROOT = macosx;
				SWIFT_EMIT_LOC_STRINGS = YES;
				SWIFT_VERSION = 5.0;
			};
			name = Debug;
		};
		867FBBFF2E1B31640090CAFD /* Release */ = {
			isa = XCBuildConfiguration;
			buildSettings = {
				ASSETCATALOG_COMPILER_APPICON_NAME = AppIcon;
				ASSETCATALOG_COMPILER_GLOBAL_ACCENT_COLOR_NAME = AccentColor;
				CODE_SIGN_ENTITLEMENTS = "macOS (App)/ivBlock.entitlements";
				"CODE_SIGN_IDENTITY[sdk=macosx*]" = "Apple Development";
				CODE_SIGN_STYLE = Automatic;
				CURRENT_PROJECT_VERSION = 1;
				DEAD_CODE_STRIPPING = YES;
				ENABLE_APP_SANDBOX = YES;
				ENABLE_HARDENED_RUNTIME = YES;
				ENABLE_OUTGOING_NETWORK_CONNECTIONS = YES;
				ENABLE_USER_SELECTED_FILES = readonly;
				GENERATE_INFOPLIST_FILE = YES;
				INFOPLIST_FILE = "macOS (App)/Info.plist";
				INFOPLIST_KEY_CFBundleDisplayName = ivBlock;
				INFOPLIST_KEY_LSApplicationCategoryType = "public.app-category.productivity";
				INFOPLIST_KEY_NSMainStoryboardFile = Main;
				INFOPLIST_KEY_NSPrincipalClass = NSApplication;
				LD_RUNPATH_SEARCH_PATHS = (
					"$(inherited)",
					"@executable_path/../Frameworks",
				);
				MACOSX_DEPLOYMENT_TARGET = 11.0;
				MARKETING_VERSION = 1.0.2;
				OTHER_LDFLAGS = (
					"-framework",
					SafariServices,
					"-framework",
					WebKit,
				);
				PRODUCT_BUNDLE_IDENTIFIER = de.incuvolve.ivBlock;
				PRODUCT_NAME = ivBlock;
				REGISTER_APP_GROUPS = YES;
				SDKROOT = macosx;
				SWIFT_EMIT_LOC_STRINGS = YES;
				SWIFT_VERSION = 5.0;
			};
			name = Release;
		};
/* End XCBuildConfiguration section */

/* Begin XCConfigurationList section */
		867FBBA22E1B31620090CAFD /* Build configuration list for PBXProject "ivBlock" */ = {
			isa = XCConfigurationList;
			buildConfigurations = (
				867FBBF02E1B31640090CAFD /* Debug */,
				867FBBF12E1B31640090CAFD /* Release */,
			);
			defaultConfigurationIsVisible = 0;
			defaultConfigurationName = Release;
		};
		867FBBF22E1B31640090CAFD /* Build configuration list for PBXNativeTarget "ivBlock Extension (iOS)" */ = {
			isa = XCConfigurationList;
			buildConfigurations = (
				867FBBF32E1B31640090CAFD /* Debug */,
				867FBBF42E1B31640090CAFD /* Release */,
			);
			defaultConfigurationIsVisible = 0;
			defaultConfigurationName = Release;
		};
		867FBBF62E1B31640090CAFD /* Build configuration list for PBXNativeTarget "ivBlock (iOS)" */ = {
			isa = XCConfigurationList;
			buildConfigurations = (
				867FBBF72E1B31640090CAFD /* Debug */,
				867FBBF82E1B31640090CAFD /* Release */,
			);
			defaultConfigurationIsVisible = 0;
			defaultConfigurationName = Release;
		};
		867FBBF92E1B31640090CAFD /* Build configuration list for PBXNativeTarget "ivBlock Extension (macOS)" */ = {
			isa = XCConfigurationList;
			buildConfigurations = (
				867FBBFA2E1B31640090CAFD /* Debug */,
				867FBBFB2E1B31640090CAFD /* Release */,
			);
			defaultConfigurationIsVisible = 0;
			defaultConfigurationName = Release;
		};
		867FBBFD2E1B31640090CAFD /* Build configuration list for PBXNativeTarget "ivBlock (macOS)" */ = {
			isa = XCConfigurationList;
			buildConfigurations = (
				867FBBFE2E1B31640090CAFD /* Debug */,
				867FBBFF2E1B31640090CAFD /* Release */,
			);
			defaultConfigurationIsVisible = 0;
			defaultConfigurationName = Release;
		};
/* End XCConfigurationList section */
	};
	rootObject = 867FBB9F2E1B31620090CAFD /* Project object */;
}
